
Microsoft Visual Studio Solution File, Format Version 12.00
# Visual Studio 14
VisualStudioVersion = 14.0.25420.1
MinimumVisualStudioVersion = 10.0.40219.1
Project("{2150E333-8FDC-42A3-9474-1A3956D46DE8}") = "src", "src", "{3D7B3F04-2843-452A-93F5-1F07B2A08AFF}"
EndProject
Project("{2150E333-8FDC-42A3-9474-1A3956D46DE8}") = "Solution Items", "Solution Items", "{58EDC16A-8DB1-4F57-9F4E-1C1CB85BDB40}"
	ProjectSection(SolutionItems) = preProject
		global.json = global.json
	EndProjectSection
EndProject
Project("{8BB2217D-0F2D-49D1-97BC-3654ED321F3B}") = "R", "src\R\R.xproj", "{D6B2D66B-EBAD-4EBA-8320-1D4CEB8889A3}"
	ProjectSection(ProjectDependencies) = postProject
		{A7804348-67EF-40F1-837C-AF070F12DA54} = {A7804348-67EF-40F1-837C-AF070F12DA54}
	EndProjectSection
EndProject
Project("{8BB2217D-0F2D-49D1-97BC-3654ED321F3B}") = "R.Common", "src\R.Common\R.Common.xproj", "{A7804348-67EF-40F1-837C-AF070F12DA54}"
EndProject
Project("{FAE04EC0-301F-11D3-BF4B-00C04F79EFBC}") = "r.mobile.Droid", "src\r.mobile\r.mobile.Droid\r.mobile.Droid.csproj", "{2ABBD65B-1157-472A-ADC8-2DE6CC4A8A97}"
EndProject
Project("{FAE04EC0-301F-11D3-BF4B-00C04F79EFBC}") = "r.mobile.iOS", "src\r.mobile\r.mobile.iOS\r.mobile.iOS.csproj", "{9073155E-935B-473F-9304-EBD3152B4423}"
EndProject
Project("{FAE04EC0-301F-11D3-BF4B-00C04F79EFBC}") = "r.mobile", "src\r.mobile\r.mobile\r.mobile.csproj", "{75A6F0DF-A273-4E7E-A721-4714F5AECE32}"
EndProject
Project("{8BB2217D-0F2D-49D1-97BC-3654ED321F3B}") = "R.Web", "src\R.Web\R.Web.xproj", "{52581F94-330B-4212-9D57-0184C36B6CD1}"
EndProject
Global
	GlobalSection(SolutionConfigurationPlatforms) = preSolution
		Ad-Hoc|Any CPU = Ad-Hoc|Any CPU
		Ad-Hoc|ARM = Ad-Hoc|ARM
		Ad-Hoc|iPhone = Ad-Hoc|iPhone
		Ad-Hoc|iPhoneSimulator = Ad-Hoc|iPhoneSimulator
		Ad-Hoc|x64 = Ad-Hoc|x64
		Ad-Hoc|x86 = Ad-Hoc|x86
		AppStore|Any CPU = AppStore|Any CPU
		AppStore|ARM = AppStore|ARM
		AppStore|iPhone = AppStore|iPhone
		AppStore|iPhoneSimulator = AppStore|iPhoneSimulator
		AppStore|x64 = AppStore|x64
		AppStore|x86 = AppStore|x86
		Debug_Ubuntu|Any CPU = Debug_Ubuntu|Any CPU
		Debug_Ubuntu|ARM = Debug_Ubuntu|ARM
		Debug_Ubuntu|iPhone = Debug_Ubuntu|iPhone
		Debug_Ubuntu|iPhoneSimulator = Debug_Ubuntu|iPhoneSimulator
		Debug_Ubuntu|x64 = Debug_Ubuntu|x64
		Debug_Ubuntu|x86 = Debug_Ubuntu|x86
		Debug|Any CPU = Debug|Any CPU
		Debug|ARM = Debug|ARM
		Debug|iPhone = Debug|iPhone
		Debug|iPhoneSimulator = Debug|iPhoneSimulator
		Debug|x64 = Debug|x64
		Debug|x86 = Debug|x86
		Release_Ubuntu|Any CPU = Release_Ubuntu|Any CPU
		Release_Ubuntu|ARM = Release_Ubuntu|ARM
		Release_Ubuntu|iPhone = Release_Ubuntu|iPhone
		Release_Ubuntu|iPhoneSimulator = Release_Ubuntu|iPhoneSimulator
		Release_Ubuntu|x64 = Release_Ubuntu|x64
		Release_Ubuntu|x86 = Release_Ubuntu|x86
		Release|Any CPU = Release|Any CPU
		Release|ARM = Release|ARM
		Release|iPhone = Release|iPhone
		Release|iPhoneSimulator = Release|iPhoneSimulator
		Release|x64 = Release|x64
		Release|x86 = Release|x86
	EndGlobalSection
	GlobalSection(ProjectConfigurationPlatforms) = postSolution
		{D6B2D66B-EBAD-4EBA-8320-1D4CEB8889A3}.Ad-Hoc|Any CPU.ActiveCfg = Release|Any CPU
		{D6B2D66B-EBAD-4EBA-8320-1D4CEB8889A3}.Ad-Hoc|Any CPU.Build.0 = Release|Any CPU
		{D6B2D66B-EBAD-4EBA-8320-1D4CEB8889A3}.Ad-Hoc|ARM.ActiveCfg = Release|Any CPU
		{D6B2D66B-EBAD-4EBA-8320-1D4CEB8889A3}.Ad-Hoc|ARM.Build.0 = Release|Any CPU
		{D6B2D66B-EBAD-4EBA-8320-1D4CEB8889A3}.Ad-Hoc|iPhone.ActiveCfg = Release|Any CPU
		{D6B2D66B-EBAD-4EBA-8320-1D4CEB8889A3}.Ad-Hoc|iPhone.Build.0 = Release|Any CPU
		{D6B2D66B-EBAD-4EBA-8320-1D4CEB8889A3}.Ad-Hoc|iPhoneSimulator.ActiveCfg = Release|Any CPU
		{D6B2D66B-EBAD-4EBA-8320-1D4CEB8889A3}.Ad-Hoc|iPhoneSimulator.Build.0 = Release|Any CPU
		{D6B2D66B-EBAD-4EBA-8320-1D4CEB8889A3}.Ad-Hoc|x64.ActiveCfg = Release|Any CPU
		{D6B2D66B-EBAD-4EBA-8320-1D4CEB8889A3}.Ad-Hoc|x64.Build.0 = Release|Any CPU
		{D6B2D66B-EBAD-4EBA-8320-1D4CEB8889A3}.Ad-Hoc|x86.ActiveCfg = Release|Any CPU
		{D6B2D66B-EBAD-4EBA-8320-1D4CEB8889A3}.Ad-Hoc|x86.Build.0 = Release|Any CPU
		{D6B2D66B-EBAD-4EBA-8320-1D4CEB8889A3}.AppStore|Any CPU.ActiveCfg = Release|Any CPU
		{D6B2D66B-EBAD-4EBA-8320-1D4CEB8889A3}.AppStore|Any CPU.Build.0 = Release|Any CPU
		{D6B2D66B-EBAD-4EBA-8320-1D4CEB8889A3}.AppStore|ARM.ActiveCfg = Release|Any CPU
		{D6B2D66B-EBAD-4EBA-8320-1D4CEB8889A3}.AppStore|ARM.Build.0 = Release|Any CPU
		{D6B2D66B-EBAD-4EBA-8320-1D4CEB8889A3}.AppStore|iPhone.ActiveCfg = Release|Any CPU
		{D6B2D66B-EBAD-4EBA-8320-1D4CEB8889A3}.AppStore|iPhone.Build.0 = Release|Any CPU
		{D6B2D66B-EBAD-4EBA-8320-1D4CEB8889A3}.AppStore|iPhoneSimulator.ActiveCfg = Release|Any CPU
		{D6B2D66B-EBAD-4EBA-8320-1D4CEB8889A3}.AppStore|iPhoneSimulator.Build.0 = Release|Any CPU
		{D6B2D66B-EBAD-4EBA-8320-1D4CEB8889A3}.AppStore|x64.ActiveCfg = Release|Any CPU
		{D6B2D66B-EBAD-4EBA-8320-1D4CEB8889A3}.AppStore|x64.Build.0 = Release|Any CPU
		{D6B2D66B-EBAD-4EBA-8320-1D4CEB8889A3}.AppStore|x86.ActiveCfg = Release|Any CPU
		{D6B2D66B-EBAD-4EBA-8320-1D4CEB8889A3}.AppStore|x86.Build.0 = Release|Any CPU
		{D6B2D66B-EBAD-4EBA-8320-1D4CEB8889A3}.Debug_Ubuntu|Any CPU.ActiveCfg = Debug|Any CPU
		{D6B2D66B-EBAD-4EBA-8320-1D4CEB8889A3}.Debug_Ubuntu|Any CPU.Build.0 = Debug|Any CPU
		{D6B2D66B-EBAD-4EBA-8320-1D4CEB8889A3}.Debug_Ubuntu|ARM.ActiveCfg = Debug|Any CPU
		{D6B2D66B-EBAD-4EBA-8320-1D4CEB8889A3}.Debug_Ubuntu|ARM.Build.0 = Debug|Any CPU
		{D6B2D66B-EBAD-4EBA-8320-1D4CEB8889A3}.Debug_Ubuntu|iPhone.ActiveCfg = Debug|Any CPU
		{D6B2D66B-EBAD-4EBA-8320-1D4CEB8889A3}.Debug_Ubuntu|iPhone.Build.0 = Debug|Any CPU
		{D6B2D66B-EBAD-4EBA-8320-1D4CEB8889A3}.Debug_Ubuntu|iPhoneSimulator.ActiveCfg = Debug|Any CPU
		{D6B2D66B-EBAD-4EBA-8320-1D4CEB8889A3}.Debug_Ubuntu|iPhoneSimulator.Build.0 = Debug|Any CPU
		{D6B2D66B-EBAD-4EBA-8320-1D4CEB8889A3}.Debug_Ubuntu|x64.ActiveCfg = Debug|Any CPU
		{D6B2D66B-EBAD-4EBA-8320-1D4CEB8889A3}.Debug_Ubuntu|x64.Build.0 = Debug|Any CPU
		{D6B2D66B-EBAD-4EBA-8320-1D4CEB8889A3}.Debug_Ubuntu|x86.ActiveCfg = Debug|Any CPU
		{D6B2D66B-EBAD-4EBA-8320-1D4CEB8889A3}.Debug_Ubuntu|x86.Build.0 = Debug|Any CPU
		{D6B2D66B-EBAD-4EBA-8320-1D4CEB8889A3}.Debug|Any CPU.ActiveCfg = Debug|Any CPU
		{D6B2D66B-EBAD-4EBA-8320-1D4CEB8889A3}.Debug|Any CPU.Build.0 = Debug|Any CPU
		{D6B2D66B-EBAD-4EBA-8320-1D4CEB8889A3}.Debug|ARM.ActiveCfg = Debug|Any CPU
		{D6B2D66B-EBAD-4EBA-8320-1D4CEB8889A3}.Debug|ARM.Build.0 = Debug|Any CPU
		{D6B2D66B-EBAD-4EBA-8320-1D4CEB8889A3}.Debug|iPhone.ActiveCfg = Debug|Any CPU
		{D6B2D66B-EBAD-4EBA-8320-1D4CEB8889A3}.Debug|iPhone.Build.0 = Debug|Any CPU
		{D6B2D66B-EBAD-4EBA-8320-1D4CEB8889A3}.Debug|iPhoneSimulator.ActiveCfg = Debug|Any CPU
		{D6B2D66B-EBAD-4EBA-8320-1D4CEB8889A3}.Debug|iPhoneSimulator.Build.0 = Debug|Any CPU
		{D6B2D66B-EBAD-4EBA-8320-1D4CEB8889A3}.Debug|x64.ActiveCfg = Debug|Any CPU
		{D6B2D66B-EBAD-4EBA-8320-1D4CEB8889A3}.Debug|x64.Build.0 = Debug|Any CPU
		{D6B2D66B-EBAD-4EBA-8320-1D4CEB8889A3}.Debug|x86.ActiveCfg = Debug|Any CPU
		{D6B2D66B-EBAD-4EBA-8320-1D4CEB8889A3}.Debug|x86.Build.0 = Debug|Any CPU
		{D6B2D66B-EBAD-4EBA-8320-1D4CEB8889A3}.Release_Ubuntu|Any CPU.ActiveCfg = Release|Any CPU
		{D6B2D66B-EBAD-4EBA-8320-1D4CEB8889A3}.Release_Ubuntu|Any CPU.Build.0 = Release|Any CPU
		{D6B2D66B-EBAD-4EBA-8320-1D4CEB8889A3}.Release_Ubuntu|ARM.ActiveCfg = Release|Any CPU
		{D6B2D66B-EBAD-4EBA-8320-1D4CEB8889A3}.Release_Ubuntu|ARM.Build.0 = Release|Any CPU
		{D6B2D66B-EBAD-4EBA-8320-1D4CEB8889A3}.Release_Ubuntu|iPhone.ActiveCfg = Release|Any CPU
		{D6B2D66B-EBAD-4EBA-8320-1D4CEB8889A3}.Release_Ubuntu|iPhone.Build.0 = Release|Any CPU
		{D6B2D66B-EBAD-4EBA-8320-1D4CEB8889A3}.Release_Ubuntu|iPhoneSimulator.ActiveCfg = Release|Any CPU
		{D6B2D66B-EBAD-4EBA-8320-1D4CEB8889A3}.Release_Ubuntu|iPhoneSimulator.Build.0 = Release|Any CPU
		{D6B2D66B-EBAD-4EBA-8320-1D4CEB8889A3}.Release_Ubuntu|x64.ActiveCfg = Release|Any CPU
		{D6B2D66B-EBAD-4EBA-8320-1D4CEB8889A3}.Release_Ubuntu|x64.Build.0 = Release|Any CPU
		{D6B2D66B-EBAD-4EBA-8320-1D4CEB8889A3}.Release_Ubuntu|x86.ActiveCfg = Release|Any CPU
		{D6B2D66B-EBAD-4EBA-8320-1D4CEB8889A3}.Release_Ubuntu|x86.Build.0 = Release|Any CPU
		{D6B2D66B-EBAD-4EBA-8320-1D4CEB8889A3}.Release|Any CPU.ActiveCfg = Release|Any CPU
		{D6B2D66B-EBAD-4EBA-8320-1D4CEB8889A3}.Release|Any CPU.Build.0 = Release|Any CPU
		{D6B2D66B-EBAD-4EBA-8320-1D4CEB8889A3}.Release|ARM.ActiveCfg = Release|Any CPU
		{D6B2D66B-EBAD-4EBA-8320-1D4CEB8889A3}.Release|ARM.Build.0 = Release|Any CPU
		{D6B2D66B-EBAD-4EBA-8320-1D4CEB8889A3}.Release|iPhone.ActiveCfg = Release|Any CPU
		{D6B2D66B-EBAD-4EBA-8320-1D4CEB8889A3}.Release|iPhone.Build.0 = Release|Any CPU
		{D6B2D66B-EBAD-4EBA-8320-1D4CEB8889A3}.Release|iPhoneSimulator.ActiveCfg = Release|Any CPU
		{D6B2D66B-EBAD-4EBA-8320-1D4CEB8889A3}.Release|iPhoneSimulator.Build.0 = Release|Any CPU
		{D6B2D66B-EBAD-4EBA-8320-1D4CEB8889A3}.Release|x64.ActiveCfg = Release|Any CPU
		{D6B2D66B-EBAD-4EBA-8320-1D4CEB8889A3}.Release|x64.Build.0 = Release|Any CPU
		{D6B2D66B-EBAD-4EBA-8320-1D4CEB8889A3}.Release|x86.ActiveCfg = Release|Any CPU
		{D6B2D66B-EBAD-4EBA-8320-1D4CEB8889A3}.Release|x86.Build.0 = Release|Any CPU
		{A7804348-67EF-40F1-837C-AF070F12DA54}.Ad-Hoc|Any CPU.ActiveCfg = Release|Any CPU
		{A7804348-67EF-40F1-837C-AF070F12DA54}.Ad-Hoc|Any CPU.Build.0 = Release|Any CPU
		{A7804348-67EF-40F1-837C-AF070F12DA54}.Ad-Hoc|ARM.ActiveCfg = Release|Any CPU
		{A7804348-67EF-40F1-837C-AF070F12DA54}.Ad-Hoc|ARM.Build.0 = Release|Any CPU
		{A7804348-67EF-40F1-837C-AF070F12DA54}.Ad-Hoc|iPhone.ActiveCfg = Release|Any CPU
		{A7804348-67EF-40F1-837C-AF070F12DA54}.Ad-Hoc|iPhone.Build.0 = Release|Any CPU
		{A7804348-67EF-40F1-837C-AF070F12DA54}.Ad-Hoc|iPhoneSimulator.ActiveCfg = Release|Any CPU
		{A7804348-67EF-40F1-837C-AF070F12DA54}.Ad-Hoc|iPhoneSimulator.Build.0 = Release|Any CPU
		{A7804348-67EF-40F1-837C-AF070F12DA54}.Ad-Hoc|x64.ActiveCfg = Release|Any CPU
		{A7804348-67EF-40F1-837C-AF070F12DA54}.Ad-Hoc|x64.Build.0 = Release|Any CPU
		{A7804348-67EF-40F1-837C-AF070F12DA54}.Ad-Hoc|x86.ActiveCfg = Release|Any CPU
		{A7804348-67EF-40F1-837C-AF070F12DA54}.Ad-Hoc|x86.Build.0 = Release|Any CPU
		{A7804348-67EF-40F1-837C-AF070F12DA54}.AppStore|Any CPU.ActiveCfg = Release|Any CPU
		{A7804348-67EF-40F1-837C-AF070F12DA54}.AppStore|Any CPU.Build.0 = Release|Any CPU
		{A7804348-67EF-40F1-837C-AF070F12DA54}.AppStore|ARM.ActiveCfg = Release|Any CPU
		{A7804348-67EF-40F1-837C-AF070F12DA54}.AppStore|ARM.Build.0 = Release|Any CPU
		{A7804348-67EF-40F1-837C-AF070F12DA54}.AppStore|iPhone.ActiveCfg = Release|Any CPU
		{A7804348-67EF-40F1-837C-AF070F12DA54}.AppStore|iPhone.Build.0 = Release|Any CPU
		{A7804348-67EF-40F1-837C-AF070F12DA54}.AppStore|iPhoneSimulator.ActiveCfg = Release|Any CPU
		{A7804348-67EF-40F1-837C-AF070F12DA54}.AppStore|iPhoneSimulator.Build.0 = Release|Any CPU
		{A7804348-67EF-40F1-837C-AF070F12DA54}.AppStore|x64.ActiveCfg = Release|Any CPU
		{A7804348-67EF-40F1-837C-AF070F12DA54}.AppStore|x64.Build.0 = Release|Any CPU
		{A7804348-67EF-40F1-837C-AF070F12DA54}.AppStore|x86.ActiveCfg = Release|Any CPU
		{A7804348-67EF-40F1-837C-AF070F12DA54}.AppStore|x86.Build.0 = Release|Any CPU
		{A7804348-67EF-40F1-837C-AF070F12DA54}.Debug_Ubuntu|Any CPU.ActiveCfg = Debug|Any CPU
		{A7804348-67EF-40F1-837C-AF070F12DA54}.Debug_Ubuntu|Any CPU.Build.0 = Debug|Any CPU
		{A7804348-67EF-40F1-837C-AF070F12DA54}.Debug_Ubuntu|ARM.ActiveCfg = Debug|Any CPU
		{A7804348-67EF-40F1-837C-AF070F12DA54}.Debug_Ubuntu|ARM.Build.0 = Debug|Any CPU
		{A7804348-67EF-40F1-837C-AF070F12DA54}.Debug_Ubuntu|iPhone.ActiveCfg = Debug|Any CPU
		{A7804348-67EF-40F1-837C-AF070F12DA54}.Debug_Ubuntu|iPhone.Build.0 = Debug|Any CPU
		{A7804348-67EF-40F1-837C-AF070F12DA54}.Debug_Ubuntu|iPhoneSimulator.ActiveCfg = Debug|Any CPU
		{A7804348-67EF-40F1-837C-AF070F12DA54}.Debug_Ubuntu|iPhoneSimulator.Build.0 = Debug|Any CPU
		{A7804348-67EF-40F1-837C-AF070F12DA54}.Debug_Ubuntu|x64.ActiveCfg = Debug|Any CPU
		{A7804348-67EF-40F1-837C-AF070F12DA54}.Debug_Ubuntu|x64.Build.0 = Debug|Any CPU
		{A7804348-67EF-40F1-837C-AF070F12DA54}.Debug_Ubuntu|x86.ActiveCfg = Debug|Any CPU
		{A7804348-67EF-40F1-837C-AF070F12DA54}.Debug_Ubuntu|x86.Build.0 = Debug|Any CPU
		{A7804348-67EF-40F1-837C-AF070F12DA54}.Debug|Any CPU.ActiveCfg = Debug|Any CPU
		{A7804348-67EF-40F1-837C-AF070F12DA54}.Debug|Any CPU.Build.0 = Debug|Any CPU
		{A7804348-67EF-40F1-837C-AF070F12DA54}.Debug|ARM.ActiveCfg = Debug|Any CPU
		{A7804348-67EF-40F1-837C-AF070F12DA54}.Debug|ARM.Build.0 = Debug|Any CPU
		{A7804348-67EF-40F1-837C-AF070F12DA54}.Debug|iPhone.ActiveCfg = Debug|Any CPU
		{A7804348-67EF-40F1-837C-AF070F12DA54}.Debug|iPhone.Build.0 = Debug|Any CPU
		{A7804348-67EF-40F1-837C-AF070F12DA54}.Debug|iPhoneSimulator.ActiveCfg = Debug|Any CPU
		{A7804348-67EF-40F1-837C-AF070F12DA54}.Debug|iPhoneSimulator.Build.0 = Debug|Any CPU
		{A7804348-67EF-40F1-837C-AF070F12DA54}.Debug|x64.ActiveCfg = Debug|Any CPU
		{A7804348-67EF-40F1-837C-AF070F12DA54}.Debug|x64.Build.0 = Debug|Any CPU
		{A7804348-67EF-40F1-837C-AF070F12DA54}.Debug|x86.ActiveCfg = Debug|Any CPU
		{A7804348-67EF-40F1-837C-AF070F12DA54}.Debug|x86.Build.0 = Debug|Any CPU
		{A7804348-67EF-40F1-837C-AF070F12DA54}.Release_Ubuntu|Any CPU.ActiveCfg = Release|Any CPU
		{A7804348-67EF-40F1-837C-AF070F12DA54}.Release_Ubuntu|Any CPU.Build.0 = Release|Any CPU
		{A7804348-67EF-40F1-837C-AF070F12DA54}.Release_Ubuntu|ARM.ActiveCfg = Release|Any CPU
		{A7804348-67EF-40F1-837C-AF070F12DA54}.Release_Ubuntu|ARM.Build.0 = Release|Any CPU
		{A7804348-67EF-40F1-837C-AF070F12DA54}.Release_Ubuntu|iPhone.ActiveCfg = Release|Any CPU
		{A7804348-67EF-40F1-837C-AF070F12DA54}.Release_Ubuntu|iPhone.Build.0 = Release|Any CPU
		{A7804348-67EF-40F1-837C-AF070F12DA54}.Release_Ubuntu|iPhoneSimulator.ActiveCfg = Release|Any CPU
		{A7804348-67EF-40F1-837C-AF070F12DA54}.Release_Ubuntu|iPhoneSimulator.Build.0 = Release|Any CPU
		{A7804348-67EF-40F1-837C-AF070F12DA54}.Release_Ubuntu|x64.ActiveCfg = Release|Any CPU
		{A7804348-67EF-40F1-837C-AF070F12DA54}.Release_Ubuntu|x64.Build.0 = Release|Any CPU
		{A7804348-67EF-40F1-837C-AF070F12DA54}.Release_Ubuntu|x86.ActiveCfg = Release|Any CPU
		{A7804348-67EF-40F1-837C-AF070F12DA54}.Release_Ubuntu|x86.Build.0 = Release|Any CPU
		{A7804348-67EF-40F1-837C-AF070F12DA54}.Release|Any CPU.ActiveCfg = Release|Any CPU
		{A7804348-67EF-40F1-837C-AF070F12DA54}.Release|Any CPU.Build.0 = Release|Any CPU
		{A7804348-67EF-40F1-837C-AF070F12DA54}.Release|ARM.ActiveCfg = Release|Any CPU
		{A7804348-67EF-40F1-837C-AF070F12DA54}.Release|ARM.Build.0 = Release|Any CPU
		{A7804348-67EF-40F1-837C-AF070F12DA54}.Release|iPhone.ActiveCfg = Release|Any CPU
		{A7804348-67EF-40F1-837C-AF070F12DA54}.Release|iPhone.Build.0 = Release|Any CPU
		{A7804348-67EF-40F1-837C-AF070F12DA54}.Release|iPhoneSimulator.ActiveCfg = Release|Any CPU
		{A7804348-67EF-40F1-837C-AF070F12DA54}.Release|iPhoneSimulator.Build.0 = Release|Any CPU
		{A7804348-67EF-40F1-837C-AF070F12DA54}.Release|x64.ActiveCfg = Release|Any CPU
		{A7804348-67EF-40F1-837C-AF070F12DA54}.Release|x64.Build.0 = Release|Any CPU
		{A7804348-67EF-40F1-837C-AF070F12DA54}.Release|x86.ActiveCfg = Release|Any CPU
		{A7804348-67EF-40F1-837C-AF070F12DA54}.Release|x86.Build.0 = Release|Any CPU
		{2ABBD65B-1157-472A-ADC8-2DE6CC4A8A97}.Ad-Hoc|Any CPU.ActiveCfg = Release|Any CPU
		{2ABBD65B-1157-472A-ADC8-2DE6CC4A8A97}.Ad-Hoc|Any CPU.Build.0 = Release|Any CPU
		{2ABBD65B-1157-472A-ADC8-2DE6CC4A8A97}.Ad-Hoc|Any CPU.Deploy.0 = Release|Any CPU
		{2ABBD65B-1157-472A-ADC8-2DE6CC4A8A97}.Ad-Hoc|ARM.ActiveCfg = Release|Any CPU
		{2ABBD65B-1157-472A-ADC8-2DE6CC4A8A97}.Ad-Hoc|ARM.Build.0 = Release|Any CPU
		{2ABBD65B-1157-472A-ADC8-2DE6CC4A8A97}.Ad-Hoc|ARM.Deploy.0 = Release|Any CPU
		{2ABBD65B-1157-472A-ADC8-2DE6CC4A8A97}.Ad-Hoc|iPhone.ActiveCfg = Release|Any CPU
		{2ABBD65B-1157-472A-ADC8-2DE6CC4A8A97}.Ad-Hoc|iPhone.Build.0 = Release|Any CPU
		{2ABBD65B-1157-472A-ADC8-2DE6CC4A8A97}.Ad-Hoc|iPhone.Deploy.0 = Release|Any CPU
		{2ABBD65B-1157-472A-ADC8-2DE6CC4A8A97}.Ad-Hoc|iPhoneSimulator.ActiveCfg = Release|Any CPU
		{2ABBD65B-1157-472A-ADC8-2DE6CC4A8A97}.Ad-Hoc|iPhoneSimulator.Build.0 = Release|Any CPU
		{2ABBD65B-1157-472A-ADC8-2DE6CC4A8A97}.Ad-Hoc|iPhoneSimulator.Deploy.0 = Release|Any CPU
		{2ABBD65B-1157-472A-ADC8-2DE6CC4A8A97}.Ad-Hoc|x64.ActiveCfg = Release|Any CPU
		{2ABBD65B-1157-472A-ADC8-2DE6CC4A8A97}.Ad-Hoc|x64.Build.0 = Release|Any CPU
		{2ABBD65B-1157-472A-ADC8-2DE6CC4A8A97}.Ad-Hoc|x64.Deploy.0 = Release|Any CPU
		{2ABBD65B-1157-472A-ADC8-2DE6CC4A8A97}.Ad-Hoc|x86.ActiveCfg = Release|Any CPU
		{2ABBD65B-1157-472A-ADC8-2DE6CC4A8A97}.Ad-Hoc|x86.Build.0 = Release|Any CPU
		{2ABBD65B-1157-472A-ADC8-2DE6CC4A8A97}.Ad-Hoc|x86.Deploy.0 = Release|Any CPU
		{2ABBD65B-1157-472A-ADC8-2DE6CC4A8A97}.AppStore|Any CPU.ActiveCfg = Release|Any CPU
		{2ABBD65B-1157-472A-ADC8-2DE6CC4A8A97}.AppStore|Any CPU.Build.0 = Release|Any CPU
		{2ABBD65B-1157-472A-ADC8-2DE6CC4A8A97}.AppStore|Any CPU.Deploy.0 = Release|Any CPU
		{2ABBD65B-1157-472A-ADC8-2DE6CC4A8A97}.AppStore|ARM.ActiveCfg = Release|Any CPU
		{2ABBD65B-1157-472A-ADC8-2DE6CC4A8A97}.AppStore|ARM.Build.0 = Release|Any CPU
		{2ABBD65B-1157-472A-ADC8-2DE6CC4A8A97}.AppStore|ARM.Deploy.0 = Release|Any CPU
		{2ABBD65B-1157-472A-ADC8-2DE6CC4A8A97}.AppStore|iPhone.ActiveCfg = Release|Any CPU
		{2ABBD65B-1157-472A-ADC8-2DE6CC4A8A97}.AppStore|iPhone.Build.0 = Release|Any CPU
		{2ABBD65B-1157-472A-ADC8-2DE6CC4A8A97}.AppStore|iPhone.Deploy.0 = Release|Any CPU
		{2ABBD65B-1157-472A-ADC8-2DE6CC4A8A97}.AppStore|iPhoneSimulator.ActiveCfg = Release|Any CPU
		{2ABBD65B-1157-472A-ADC8-2DE6CC4A8A97}.AppStore|iPhoneSimulator.Build.0 = Release|Any CPU
		{2ABBD65B-1157-472A-ADC8-2DE6CC4A8A97}.AppStore|iPhoneSimulator.Deploy.0 = Release|Any CPU
		{2ABBD65B-1157-472A-ADC8-2DE6CC4A8A97}.AppStore|x64.ActiveCfg = Release|Any CPU
		{2ABBD65B-1157-472A-ADC8-2DE6CC4A8A97}.AppStore|x64.Build.0 = Release|Any CPU
		{2ABBD65B-1157-472A-ADC8-2DE6CC4A8A97}.AppStore|x64.Deploy.0 = Release|Any CPU
		{2ABBD65B-1157-472A-ADC8-2DE6CC4A8A97}.AppStore|x86.ActiveCfg = Release|Any CPU
		{2ABBD65B-1157-472A-ADC8-2DE6CC4A8A97}.AppStore|x86.Build.0 = Release|Any CPU
		{2ABBD65B-1157-472A-ADC8-2DE6CC4A8A97}.AppStore|x86.Deploy.0 = Release|Any CPU
		{2ABBD65B-1157-472A-ADC8-2DE6CC4A8A97}.Debug_Ubuntu|Any CPU.ActiveCfg = Debug|Any CPU
		{2ABBD65B-1157-472A-ADC8-2DE6CC4A8A97}.Debug_Ubuntu|Any CPU.Build.0 = Debug|Any CPU
		{2ABBD65B-1157-472A-ADC8-2DE6CC4A8A97}.Debug_Ubuntu|Any CPU.Deploy.0 = Debug|Any CPU
		{2ABBD65B-1157-472A-ADC8-2DE6CC4A8A97}.Debug_Ubuntu|ARM.ActiveCfg = Debug|Any CPU
		{2ABBD65B-1157-472A-ADC8-2DE6CC4A8A97}.Debug_Ubuntu|ARM.Build.0 = Debug|Any CPU
		{2ABBD65B-1157-472A-ADC8-2DE6CC4A8A97}.Debug_Ubuntu|ARM.Deploy.0 = Debug|Any CPU
		{2ABBD65B-1157-472A-ADC8-2DE6CC4A8A97}.Debug_Ubuntu|iPhone.ActiveCfg = Debug|Any CPU
		{2ABBD65B-1157-472A-ADC8-2DE6CC4A8A97}.Debug_Ubuntu|iPhone.Build.0 = Debug|Any CPU
		{2ABBD65B-1157-472A-ADC8-2DE6CC4A8A97}.Debug_Ubuntu|iPhone.Deploy.0 = Debug|Any CPU
		{2ABBD65B-1157-472A-ADC8-2DE6CC4A8A97}.Debug_Ubuntu|iPhoneSimulator.ActiveCfg = Debug|Any CPU
		{2ABBD65B-1157-472A-ADC8-2DE6CC4A8A97}.Debug_Ubuntu|iPhoneSimulator.Build.0 = Debug|Any CPU
		{2ABBD65B-1157-472A-ADC8-2DE6CC4A8A97}.Debug_Ubuntu|iPhoneSimulator.Deploy.0 = Debug|Any CPU
		{2ABBD65B-1157-472A-ADC8-2DE6CC4A8A97}.Debug_Ubuntu|x64.ActiveCfg = Debug|Any CPU
		{2ABBD65B-1157-472A-ADC8-2DE6CC4A8A97}.Debug_Ubuntu|x64.Build.0 = Debug|Any CPU
		{2ABBD65B-1157-472A-ADC8-2DE6CC4A8A97}.Debug_Ubuntu|x64.Deploy.0 = Debug|Any CPU
		{2ABBD65B-1157-472A-ADC8-2DE6CC4A8A97}.Debug_Ubuntu|x86.ActiveCfg = Debug|Any CPU
		{2ABBD65B-1157-472A-ADC8-2DE6CC4A8A97}.Debug_Ubuntu|x86.Build.0 = Debug|Any CPU
		{2ABBD65B-1157-472A-ADC8-2DE6CC4A8A97}.Debug_Ubuntu|x86.Deploy.0 = Debug|Any CPU
		{2ABBD65B-1157-472A-ADC8-2DE6CC4A8A97}.Debug|Any CPU.ActiveCfg = Debug|Any CPU
		{2ABBD65B-1157-472A-ADC8-2DE6CC4A8A97}.Debug|Any CPU.Build.0 = Debug|Any CPU
		{2ABBD65B-1157-472A-ADC8-2DE6CC4A8A97}.Debug|Any CPU.Deploy.0 = Debug|Any CPU
		{2ABBD65B-1157-472A-ADC8-2DE6CC4A8A97}.Debug|ARM.ActiveCfg = Debug|Any CPU
		{2ABBD65B-1157-472A-ADC8-2DE6CC4A8A97}.Debug|ARM.Build.0 = Debug|Any CPU
		{2ABBD65B-1157-472A-ADC8-2DE6CC4A8A97}.Debug|ARM.Deploy.0 = Debug|Any CPU
		{2ABBD65B-1157-472A-ADC8-2DE6CC4A8A97}.Debug|iPhone.ActiveCfg = Debug|Any CPU
		{2ABBD65B-1157-472A-ADC8-2DE6CC4A8A97}.Debug|iPhone.Build.0 = Debug|Any CPU
		{2ABBD65B-1157-472A-ADC8-2DE6CC4A8A97}.Debug|iPhone.Deploy.0 = Debug|Any CPU
		{2ABBD65B-1157-472A-ADC8-2DE6CC4A8A97}.Debug|iPhoneSimulator.ActiveCfg = Debug|Any CPU
		{2ABBD65B-1157-472A-ADC8-2DE6CC4A8A97}.Debug|iPhoneSimulator.Build.0 = Debug|Any CPU
		{2ABBD65B-1157-472A-ADC8-2DE6CC4A8A97}.Debug|iPhoneSimulator.Deploy.0 = Debug|Any CPU
		{2ABBD65B-1157-472A-ADC8-2DE6CC4A8A97}.Debug|x64.ActiveCfg = Debug|Any CPU
		{2ABBD65B-1157-472A-ADC8-2DE6CC4A8A97}.Debug|x64.Build.0 = Debug|Any CPU
		{2ABBD65B-1157-472A-ADC8-2DE6CC4A8A97}.Debug|x64.Deploy.0 = Debug|Any CPU
		{2ABBD65B-1157-472A-ADC8-2DE6CC4A8A97}.Debug|x86.ActiveCfg = Debug|Any CPU
		{2ABBD65B-1157-472A-ADC8-2DE6CC4A8A97}.Debug|x86.Build.0 = Debug|Any CPU
		{2ABBD65B-1157-472A-ADC8-2DE6CC4A8A97}.Debug|x86.Deploy.0 = Debug|Any CPU
		{2ABBD65B-1157-472A-ADC8-2DE6CC4A8A97}.Release_Ubuntu|Any CPU.ActiveCfg = Release|Any CPU
		{2ABBD65B-1157-472A-ADC8-2DE6CC4A8A97}.Release_Ubuntu|Any CPU.Build.0 = Release|Any CPU
		{2ABBD65B-1157-472A-ADC8-2DE6CC4A8A97}.Release_Ubuntu|Any CPU.Deploy.0 = Release|Any CPU
		{2ABBD65B-1157-472A-ADC8-2DE6CC4A8A97}.Release_Ubuntu|ARM.ActiveCfg = Release|Any CPU
		{2ABBD65B-1157-472A-ADC8-2DE6CC4A8A97}.Release_Ubuntu|ARM.Build.0 = Release|Any CPU
		{2ABBD65B-1157-472A-ADC8-2DE6CC4A8A97}.Release_Ubuntu|ARM.Deploy.0 = Release|Any CPU
		{2ABBD65B-1157-472A-ADC8-2DE6CC4A8A97}.Release_Ubuntu|iPhone.ActiveCfg = Release|Any CPU
		{2ABBD65B-1157-472A-ADC8-2DE6CC4A8A97}.Release_Ubuntu|iPhone.Build.0 = Release|Any CPU
		{2ABBD65B-1157-472A-ADC8-2DE6CC4A8A97}.Release_Ubuntu|iPhone.Deploy.0 = Release|Any CPU
		{2ABBD65B-1157-472A-ADC8-2DE6CC4A8A97}.Release_Ubuntu|iPhoneSimulator.ActiveCfg = Release|Any CPU
		{2ABBD65B-1157-472A-ADC8-2DE6CC4A8A97}.Release_Ubuntu|iPhoneSimulator.Build.0 = Release|Any CPU
		{2ABBD65B-1157-472A-ADC8-2DE6CC4A8A97}.Release_Ubuntu|iPhoneSimulator.Deploy.0 = Release|Any CPU
		{2ABBD65B-1157-472A-ADC8-2DE6CC4A8A97}.Release_Ubuntu|x64.ActiveCfg = Release|Any CPU
		{2ABBD65B-1157-472A-ADC8-2DE6CC4A8A97}.Release_Ubuntu|x64.Build.0 = Release|Any CPU
		{2ABBD65B-1157-472A-ADC8-2DE6CC4A8A97}.Release_Ubuntu|x64.Deploy.0 = Release|Any CPU
		{2ABBD65B-1157-472A-ADC8-2DE6CC4A8A97}.Release_Ubuntu|x86.ActiveCfg = Release|Any CPU
		{2ABBD65B-1157-472A-ADC8-2DE6CC4A8A97}.Release_Ubuntu|x86.Build.0 = Release|Any CPU
		{2ABBD65B-1157-472A-ADC8-2DE6CC4A8A97}.Release_Ubuntu|x86.Deploy.0 = Release|Any CPU
		{2ABBD65B-1157-472A-ADC8-2DE6CC4A8A97}.Release|Any CPU.ActiveCfg = Release|Any CPU
		{2ABBD65B-1157-472A-ADC8-2DE6CC4A8A97}.Release|Any CPU.Build.0 = Release|Any CPU
		{2ABBD65B-1157-472A-ADC8-2DE6CC4A8A97}.Release|Any CPU.Deploy.0 = Release|Any CPU
		{2ABBD65B-1157-472A-ADC8-2DE6CC4A8A97}.Release|ARM.ActiveCfg = Release|Any CPU
		{2ABBD65B-1157-472A-ADC8-2DE6CC4A8A97}.Release|ARM.Build.0 = Release|Any CPU
		{2ABBD65B-1157-472A-ADC8-2DE6CC4A8A97}.Release|ARM.Deploy.0 = Release|Any CPU
		{2ABBD65B-1157-472A-ADC8-2DE6CC4A8A97}.Release|iPhone.ActiveCfg = Release|Any CPU
		{2ABBD65B-1157-472A-ADC8-2DE6CC4A8A97}.Release|iPhone.Build.0 = Release|Any CPU
		{2ABBD65B-1157-472A-ADC8-2DE6CC4A8A97}.Release|iPhone.Deploy.0 = Release|Any CPU
		{2ABBD65B-1157-472A-ADC8-2DE6CC4A8A97}.Release|iPhoneSimulator.ActiveCfg = Release|Any CPU
		{2ABBD65B-1157-472A-ADC8-2DE6CC4A8A97}.Release|iPhoneSimulator.Build.0 = Release|Any CPU
		{2ABBD65B-1157-472A-ADC8-2DE6CC4A8A97}.Release|iPhoneSimulator.Deploy.0 = Release|Any CPU
		{2ABBD65B-1157-472A-ADC8-2DE6CC4A8A97}.Release|x64.ActiveCfg = Release|Any CPU
		{2ABBD65B-1157-472A-ADC8-2DE6CC4A8A97}.Release|x64.Build.0 = Release|Any CPU
		{2ABBD65B-1157-472A-ADC8-2DE6CC4A8A97}.Release|x64.Deploy.0 = Release|Any CPU
		{2ABBD65B-1157-472A-ADC8-2DE6CC4A8A97}.Release|x86.ActiveCfg = Release|Any CPU
		{2ABBD65B-1157-472A-ADC8-2DE6CC4A8A97}.Release|x86.Build.0 = Release|Any CPU
		{2ABBD65B-1157-472A-ADC8-2DE6CC4A8A97}.Release|x86.Deploy.0 = Release|Any CPU
		{9073155E-935B-473F-9304-EBD3152B4423}.Ad-Hoc|Any CPU.ActiveCfg = Ad-Hoc|iPhone
		{9073155E-935B-473F-9304-EBD3152B4423}.Ad-Hoc|ARM.ActiveCfg = Ad-Hoc|iPhone
		{9073155E-935B-473F-9304-EBD3152B4423}.Ad-Hoc|iPhone.ActiveCfg = Ad-Hoc|iPhone
		{9073155E-935B-473F-9304-EBD3152B4423}.Ad-Hoc|iPhone.Build.0 = Ad-Hoc|iPhone
		{9073155E-935B-473F-9304-EBD3152B4423}.Ad-Hoc|iPhoneSimulator.ActiveCfg = Ad-Hoc|iPhoneSimulator
		{9073155E-935B-473F-9304-EBD3152B4423}.Ad-Hoc|iPhoneSimulator.Build.0 = Ad-Hoc|iPhoneSimulator
		{9073155E-935B-473F-9304-EBD3152B4423}.Ad-Hoc|x64.ActiveCfg = Ad-Hoc|iPhone
		{9073155E-935B-473F-9304-EBD3152B4423}.Ad-Hoc|x86.ActiveCfg = Ad-Hoc|iPhone
		{9073155E-935B-473F-9304-EBD3152B4423}.AppStore|Any CPU.ActiveCfg = AppStore|iPhone
		{9073155E-935B-473F-9304-EBD3152B4423}.AppStore|ARM.ActiveCfg = AppStore|iPhone
		{9073155E-935B-473F-9304-EBD3152B4423}.AppStore|iPhone.ActiveCfg = AppStore|iPhone
		{9073155E-935B-473F-9304-EBD3152B4423}.AppStore|iPhone.Build.0 = AppStore|iPhone
		{9073155E-935B-473F-9304-EBD3152B4423}.AppStore|iPhoneSimulator.ActiveCfg = AppStore|iPhoneSimulator
		{9073155E-935B-473F-9304-EBD3152B4423}.AppStore|iPhoneSimulator.Build.0 = AppStore|iPhoneSimulator
		{9073155E-935B-473F-9304-EBD3152B4423}.AppStore|x64.ActiveCfg = AppStore|iPhone
		{9073155E-935B-473F-9304-EBD3152B4423}.AppStore|x86.ActiveCfg = AppStore|iPhone
		{9073155E-935B-473F-9304-EBD3152B4423}.Debug_Ubuntu|Any CPU.ActiveCfg = Release|iPhoneSimulator
		{9073155E-935B-473F-9304-EBD3152B4423}.Debug_Ubuntu|Any CPU.Build.0 = Release|iPhoneSimulator
		{9073155E-935B-473F-9304-EBD3152B4423}.Debug_Ubuntu|ARM.ActiveCfg = Release|iPhoneSimulator
		{9073155E-935B-473F-9304-EBD3152B4423}.Debug_Ubuntu|ARM.Build.0 = Release|iPhoneSimulator
		{9073155E-935B-473F-9304-EBD3152B4423}.Debug_Ubuntu|iPhone.ActiveCfg = Debug|iPhone
		{9073155E-935B-473F-9304-EBD3152B4423}.Debug_Ubuntu|iPhone.Build.0 = Debug|iPhone
		{9073155E-935B-473F-9304-EBD3152B4423}.Debug_Ubuntu|iPhoneSimulator.ActiveCfg = Debug|iPhoneSimulator
		{9073155E-935B-473F-9304-EBD3152B4423}.Debug_Ubuntu|iPhoneSimulator.Build.0 = Debug|iPhoneSimulator
		{9073155E-935B-473F-9304-EBD3152B4423}.Debug_Ubuntu|x64.ActiveCfg = Release|iPhoneSimulator
		{9073155E-935B-473F-9304-EBD3152B4423}.Debug_Ubuntu|x64.Build.0 = Release|iPhoneSimulator
		{9073155E-935B-473F-9304-EBD3152B4423}.Debug_Ubuntu|x86.ActiveCfg = Release|iPhoneSimulator
		{9073155E-935B-473F-9304-EBD3152B4423}.Debug_Ubuntu|x86.Build.0 = Release|iPhoneSimulator
		{9073155E-935B-473F-9304-EBD3152B4423}.Debug|Any CPU.ActiveCfg = Debug|iPhone
		{9073155E-935B-473F-9304-EBD3152B4423}.Debug|ARM.ActiveCfg = Debug|iPhone
		{9073155E-935B-473F-9304-EBD3152B4423}.Debug|iPhone.ActiveCfg = Debug|iPhone
		{9073155E-935B-473F-9304-EBD3152B4423}.Debug|iPhone.Build.0 = Debug|iPhone
		{9073155E-935B-473F-9304-EBD3152B4423}.Debug|iPhoneSimulator.ActiveCfg = Debug|iPhoneSimulator
		{9073155E-935B-473F-9304-EBD3152B4423}.Debug|iPhoneSimulator.Build.0 = Debug|iPhoneSimulator
		{9073155E-935B-473F-9304-EBD3152B4423}.Debug|x64.ActiveCfg = Debug|iPhone
		{9073155E-935B-473F-9304-EBD3152B4423}.Debug|x86.ActiveCfg = Debug|iPhone
		{9073155E-935B-473F-9304-EBD3152B4423}.Release_Ubuntu|Any CPU.ActiveCfg = Release|iPhoneSimulator
		{9073155E-935B-473F-9304-EBD3152B4423}.Release_Ubuntu|Any CPU.Build.0 = Release|iPhoneSimulator
		{9073155E-935B-473F-9304-EBD3152B4423}.Release_Ubuntu|ARM.ActiveCfg = Release|iPhoneSimulator
		{9073155E-935B-473F-9304-EBD3152B4423}.Release_Ubuntu|ARM.Build.0 = Release|iPhoneSimulator
		{9073155E-935B-473F-9304-EBD3152B4423}.Release_Ubuntu|iPhone.ActiveCfg = Release|iPhone
		{9073155E-935B-473F-9304-EBD3152B4423}.Release_Ubuntu|iPhone.Build.0 = Release|iPhone
		{9073155E-935B-473F-9304-EBD3152B4423}.Release_Ubuntu|iPhoneSimulator.ActiveCfg = Release|iPhoneSimulator
		{9073155E-935B-473F-9304-EBD3152B4423}.Release_Ubuntu|iPhoneSimulator.Build.0 = Release|iPhoneSimulator
		{9073155E-935B-473F-9304-EBD3152B4423}.Release_Ubuntu|x64.ActiveCfg = Release|iPhoneSimulator
		{9073155E-935B-473F-9304-EBD3152B4423}.Release_Ubuntu|x64.Build.0 = Release|iPhoneSimulator
		{9073155E-935B-473F-9304-EBD3152B4423}.Release_Ubuntu|x86.ActiveCfg = Release|iPhoneSimulator
		{9073155E-935B-473F-9304-EBD3152B4423}.Release_Ubuntu|x86.Build.0 = Release|iPhoneSimulator
		{9073155E-935B-473F-9304-EBD3152B4423}.Release|Any CPU.ActiveCfg = Release|iPhone
		{9073155E-935B-473F-9304-EBD3152B4423}.Release|ARM.ActiveCfg = Release|iPhone
		{9073155E-935B-473F-9304-EBD3152B4423}.Release|iPhone.ActiveCfg = Release|iPhone
		{9073155E-935B-473F-9304-EBD3152B4423}.Release|iPhone.Build.0 = Release|iPhone
		{9073155E-935B-473F-9304-EBD3152B4423}.Release|iPhoneSimulator.ActiveCfg = Release|iPhoneSimulator
		{9073155E-935B-473F-9304-EBD3152B4423}.Release|iPhoneSimulator.Build.0 = Release|iPhoneSimulator
		{9073155E-935B-473F-9304-EBD3152B4423}.Release|x64.ActiveCfg = Release|iPhone
		{9073155E-935B-473F-9304-EBD3152B4423}.Release|x86.ActiveCfg = Release|iPhone
		{75A6F0DF-A273-4E7E-A721-4714F5AECE32}.Ad-Hoc|Any CPU.ActiveCfg = Release|Any CPU
		{75A6F0DF-A273-4E7E-A721-4714F5AECE32}.Ad-Hoc|Any CPU.Build.0 = Release|Any CPU
		{75A6F0DF-A273-4E7E-A721-4714F5AECE32}.Ad-Hoc|ARM.ActiveCfg = Release|Any CPU
		{75A6F0DF-A273-4E7E-A721-4714F5AECE32}.Ad-Hoc|ARM.Build.0 = Release|Any CPU
		{75A6F0DF-A273-4E7E-A721-4714F5AECE32}.Ad-Hoc|iPhone.ActiveCfg = Release|Any CPU
		{75A6F0DF-A273-4E7E-A721-4714F5AECE32}.Ad-Hoc|iPhone.Build.0 = Release|Any CPU
		{75A6F0DF-A273-4E7E-A721-4714F5AECE32}.Ad-Hoc|iPhoneSimulator.ActiveCfg = Release|Any CPU
		{75A6F0DF-A273-4E7E-A721-4714F5AECE32}.Ad-Hoc|iPhoneSimulator.Build.0 = Release|Any CPU
		{75A6F0DF-A273-4E7E-A721-4714F5AECE32}.Ad-Hoc|x64.ActiveCfg = Release|Any CPU
		{75A6F0DF-A273-4E7E-A721-4714F5AECE32}.Ad-Hoc|x64.Build.0 = Release|Any CPU
		{75A6F0DF-A273-4E7E-A721-4714F5AECE32}.Ad-Hoc|x86.ActiveCfg = Release|Any CPU
		{75A6F0DF-A273-4E7E-A721-4714F5AECE32}.Ad-Hoc|x86.Build.0 = Release|Any CPU
		{75A6F0DF-A273-4E7E-A721-4714F5AECE32}.AppStore|Any CPU.ActiveCfg = Release|Any CPU
		{75A6F0DF-A273-4E7E-A721-4714F5AECE32}.AppStore|Any CPU.Build.0 = Release|Any CPU
		{75A6F0DF-A273-4E7E-A721-4714F5AECE32}.AppStore|ARM.ActiveCfg = Release|Any CPU
		{75A6F0DF-A273-4E7E-A721-4714F5AECE32}.AppStore|ARM.Build.0 = Release|Any CPU
		{75A6F0DF-A273-4E7E-A721-4714F5AECE32}.AppStore|iPhone.ActiveCfg = Release|Any CPU
		{75A6F0DF-A273-4E7E-A721-4714F5AECE32}.AppStore|iPhone.Build.0 = Release|Any CPU
		{75A6F0DF-A273-4E7E-A721-4714F5AECE32}.AppStore|iPhoneSimulator.ActiveCfg = Release|Any CPU
		{75A6F0DF-A273-4E7E-A721-4714F5AECE32}.AppStore|iPhoneSimulator.Build.0 = Release|Any CPU
		{75A6F0DF-A273-4E7E-A721-4714F5AECE32}.AppStore|x64.ActiveCfg = Release|Any CPU
		{75A6F0DF-A273-4E7E-A721-4714F5AECE32}.AppStore|x64.Build.0 = Release|Any CPU
		{75A6F0DF-A273-4E7E-A721-4714F5AECE32}.AppStore|x86.ActiveCfg = Release|Any CPU
		{75A6F0DF-A273-4E7E-A721-4714F5AECE32}.AppStore|x86.Build.0 = Release|Any CPU
		{75A6F0DF-A273-4E7E-A721-4714F5AECE32}.Debug_Ubuntu|Any CPU.ActiveCfg = Debug|Any CPU
		{75A6F0DF-A273-4E7E-A721-4714F5AECE32}.Debug_Ubuntu|Any CPU.Build.0 = Debug|Any CPU
		{75A6F0DF-A273-4E7E-A721-4714F5AECE32}.Debug_Ubuntu|ARM.ActiveCfg = Debug|Any CPU
		{75A6F0DF-A273-4E7E-A721-4714F5AECE32}.Debug_Ubuntu|ARM.Build.0 = Debug|Any CPU
		{75A6F0DF-A273-4E7E-A721-4714F5AECE32}.Debug_Ubuntu|iPhone.ActiveCfg = Debug|Any CPU
		{75A6F0DF-A273-4E7E-A721-4714F5AECE32}.Debug_Ubuntu|iPhone.Build.0 = Debug|Any CPU
		{75A6F0DF-A273-4E7E-A721-4714F5AECE32}.Debug_Ubuntu|iPhoneSimulator.ActiveCfg = Debug|Any CPU
		{75A6F0DF-A273-4E7E-A721-4714F5AECE32}.Debug_Ubuntu|iPhoneSimulator.Build.0 = Debug|Any CPU
		{75A6F0DF-A273-4E7E-A721-4714F5AECE32}.Debug_Ubuntu|x64.ActiveCfg = Debug|Any CPU
		{75A6F0DF-A273-4E7E-A721-4714F5AECE32}.Debug_Ubuntu|x64.Build.0 = Debug|Any CPU
		{75A6F0DF-A273-4E7E-A721-4714F5AECE32}.Debug_Ubuntu|x86.ActiveCfg = Debug|Any CPU
		{75A6F0DF-A273-4E7E-A721-4714F5AECE32}.Debug_Ubuntu|x86.Build.0 = Debug|Any CPU
		{75A6F0DF-A273-4E7E-A721-4714F5AECE32}.Debug|Any CPU.ActiveCfg = Debug|Any CPU
		{75A6F0DF-A273-4E7E-A721-4714F5AECE32}.Debug|Any CPU.Build.0 = Debug|Any CPU
		{75A6F0DF-A273-4E7E-A721-4714F5AECE32}.Debug|ARM.ActiveCfg = Debug|Any CPU
		{75A6F0DF-A273-4E7E-A721-4714F5AECE32}.Debug|ARM.Build.0 = Debug|Any CPU
		{75A6F0DF-A273-4E7E-A721-4714F5AECE32}.Debug|iPhone.ActiveCfg = Debug|Any CPU
		{75A6F0DF-A273-4E7E-A721-4714F5AECE32}.Debug|iPhone.Build.0 = Debug|Any CPU
		{75A6F0DF-A273-4E7E-A721-4714F5AECE32}.Debug|iPhoneSimulator.ActiveCfg = Debug|Any CPU
		{75A6F0DF-A273-4E7E-A721-4714F5AECE32}.Debug|iPhoneSimulator.Build.0 = Debug|Any CPU
		{75A6F0DF-A273-4E7E-A721-4714F5AECE32}.Debug|x64.ActiveCfg = Debug|Any CPU
		{75A6F0DF-A273-4E7E-A721-4714F5AECE32}.Debug|x64.Build.0 = Debug|Any CPU
		{75A6F0DF-A273-4E7E-A721-4714F5AECE32}.Debug|x86.ActiveCfg = Debug|Any CPU
		{75A6F0DF-A273-4E7E-A721-4714F5AECE32}.Debug|x86.Build.0 = Debug|Any CPU
		{75A6F0DF-A273-4E7E-A721-4714F5AECE32}.Release_Ubuntu|Any CPU.ActiveCfg = Release|Any CPU
		{75A6F0DF-A273-4E7E-A721-4714F5AECE32}.Release_Ubuntu|Any CPU.Build.0 = Release|Any CPU
		{75A6F0DF-A273-4E7E-A721-4714F5AECE32}.Release_Ubuntu|ARM.ActiveCfg = Release|Any CPU
		{75A6F0DF-A273-4E7E-A721-4714F5AECE32}.Release_Ubuntu|ARM.Build.0 = Release|Any CPU
		{75A6F0DF-A273-4E7E-A721-4714F5AECE32}.Release_Ubuntu|iPhone.ActiveCfg = Release|Any CPU
		{75A6F0DF-A273-4E7E-A721-4714F5AECE32}.Release_Ubuntu|iPhone.Build.0 = Release|Any CPU
		{75A6F0DF-A273-4E7E-A721-4714F5AECE32}.Release_Ubuntu|iPhoneSimulator.ActiveCfg = Release|Any CPU
		{75A6F0DF-A273-4E7E-A721-4714F5AECE32}.Release_Ubuntu|iPhoneSimulator.Build.0 = Release|Any CPU
		{75A6F0DF-A273-4E7E-A721-4714F5AECE32}.Release_Ubuntu|x64.ActiveCfg = Release|Any CPU
		{75A6F0DF-A273-4E7E-A721-4714F5AECE32}.Release_Ubuntu|x64.Build.0 = Release|Any CPU
		{75A6F0DF-A273-4E7E-A721-4714F5AECE32}.Release_Ubuntu|x86.ActiveCfg = Release|Any CPU
		{75A6F0DF-A273-4E7E-A721-4714F5AECE32}.Release_Ubuntu|x86.Build.0 = Release|Any CPU
		{75A6F0DF-A273-4E7E-A721-4714F5AECE32}.Release|Any CPU.ActiveCfg = Release|Any CPU
		{75A6F0DF-A273-4E7E-A721-4714F5AECE32}.Release|Any CPU.Build.0 = Release|Any CPU
		{75A6F0DF-A273-4E7E-A721-4714F5AECE32}.Release|ARM.ActiveCfg = Release|Any CPU
		{75A6F0DF-A273-4E7E-A721-4714F5AECE32}.Release|ARM.Build.0 = Release|Any CPU
		{75A6F0DF-A273-4E7E-A721-4714F5AECE32}.Release|iPhone.ActiveCfg = Release|Any CPU
		{75A6F0DF-A273-4E7E-A721-4714F5AECE32}.Release|iPhone.Build.0 = Release|Any CPU
		{75A6F0DF-A273-4E7E-A721-4714F5AECE32}.Release|iPhoneSimulator.ActiveCfg = Release|Any CPU
		{75A6F0DF-A273-4E7E-A721-4714F5AECE32}.Release|iPhoneSimulator.Build.0 = Release|Any CPU
		{75A6F0DF-A273-4E7E-A721-4714F5AECE32}.Release|x64.ActiveCfg = Release|Any CPU
		{75A6F0DF-A273-4E7E-A721-4714F5AECE32}.Release|x64.Build.0 = Release|Any CPU
		{75A6F0DF-A273-4E7E-A721-4714F5AECE32}.Release|x86.ActiveCfg = Release|Any CPU
		{75A6F0DF-A273-4E7E-A721-4714F5AECE32}.Release|x86.Build.0 = Release|Any CPU
		{52581F94-330B-4212-9D57-0184C36B6CD1}.Ad-Hoc|Any CPU.ActiveCfg = Debug|Any CPU
		{52581F94-330B-4212-9D57-0184C36B6CD1}.Ad-Hoc|Any CPU.Build.0 = Debug|Any CPU
		{52581F94-330B-4212-9D57-0184C36B6CD1}.Ad-Hoc|ARM.ActiveCfg = Debug|Any CPU
		{52581F94-330B-4212-9D57-0184C36B6CD1}.Ad-Hoc|ARM.Build.0 = Debug|Any CPU
		{52581F94-330B-4212-9D57-0184C36B6CD1}.Ad-Hoc|iPhone.ActiveCfg = Debug|Any CPU
		{52581F94-330B-4212-9D57-0184C36B6CD1}.Ad-Hoc|iPhone.Build.0 = Debug|Any CPU
		{52581F94-330B-4212-9D57-0184C36B6CD1}.Ad-Hoc|iPhoneSimulator.ActiveCfg = Debug|Any CPU
		{52581F94-330B-4212-9D57-0184C36B6CD1}.Ad-Hoc|iPhoneSimulator.Build.0 = Debug|Any CPU
		{52581F94-330B-4212-9D57-0184C36B6CD1}.Ad-Hoc|x64.ActiveCfg = Debug|Any CPU
		{52581F94-330B-4212-9D57-0184C36B6CD1}.Ad-Hoc|x64.Build.0 = Debug|Any CPU
		{52581F94-330B-4212-9D57-0184C36B6CD1}.Ad-Hoc|x86.ActiveCfg = Debug|Any CPU
		{52581F94-330B-4212-9D57-0184C36B6CD1}.Ad-Hoc|x86.Build.0 = Debug|Any CPU
		{52581F94-330B-4212-9D57-0184C36B6CD1}.AppStore|Any CPU.ActiveCfg = Debug|Any CPU
		{52581F94-330B-4212-9D57-0184C36B6CD1}.AppStore|Any CPU.Build.0 = Debug|Any CPU
		{52581F94-330B-4212-9D57-0184C36B6CD1}.AppStore|ARM.ActiveCfg = Debug|Any CPU
		{52581F94-330B-4212-9D57-0184C36B6CD1}.AppStore|ARM.Build.0 = Debug|Any CPU
		{52581F94-330B-4212-9D57-0184C36B6CD1}.AppStore|iPhone.ActiveCfg = Debug|Any CPU
		{52581F94-330B-4212-9D57-0184C36B6CD1}.AppStore|iPhone.Build.0 = Debug|Any CPU
		{52581F94-330B-4212-9D57-0184C36B6CD1}.AppStore|iPhoneSimulator.ActiveCfg = Debug|Any CPU
		{52581F94-330B-4212-9D57-0184C36B6CD1}.AppStore|iPhoneSimulator.Build.0 = Debug|Any CPU
		{52581F94-330B-4212-9D57-0184C36B6CD1}.AppStore|x64.ActiveCfg = Debug|Any CPU
		{52581F94-330B-4212-9D57-0184C36B6CD1}.AppStore|x64.Build.0 = Debug|Any CPU
		{52581F94-330B-4212-9D57-0184C36B6CD1}.AppStore|x86.ActiveCfg = Debug|Any CPU
		{52581F94-330B-4212-9D57-0184C36B6CD1}.AppStore|x86.Build.0 = Debug|Any CPU
		{52581F94-330B-4212-9D57-0184C36B6CD1}.Debug_Ubuntu|Any CPU.ActiveCfg = Debug|Any CPU
		{52581F94-330B-4212-9D57-0184C36B6CD1}.Debug_Ubuntu|Any CPU.Build.0 = Debug|Any CPU
		{52581F94-330B-4212-9D57-0184C36B6CD1}.Debug_Ubuntu|ARM.ActiveCfg = Debug|Any CPU
		{52581F94-330B-4212-9D57-0184C36B6CD1}.Debug_Ubuntu|ARM.Build.0 = Debug|Any CPU
		{52581F94-330B-4212-9D57-0184C36B6CD1}.Debug_Ubuntu|iPhone.ActiveCfg = Debug|Any CPU
		{52581F94-330B-4212-9D57-0184C36B6CD1}.Debug_Ubuntu|iPhone.Build.0 = Debug|Any CPU
		{52581F94-330B-4212-9D57-0184C36B6CD1}.Debug_Ubuntu|iPhoneSimulator.ActiveCfg = Debug|Any CPU
		{52581F94-330B-4212-9D57-0184C36B6CD1}.Debug_Ubuntu|iPhoneSimulator.Build.0 = Debug|Any CPU
		{52581F94-330B-4212-9D57-0184C36B6CD1}.Debug_Ubuntu|x64.ActiveCfg = Debug|Any CPU
		{52581F94-330B-4212-9D57-0184C36B6CD1}.Debug_Ubuntu|x64.Build.0 = Debug|Any CPU
		{52581F94-330B-4212-9D57-0184C36B6CD1}.Debug_Ubuntu|x86.ActiveCfg = Debug|Any CPU
		{52581F94-330B-4212-9D57-0184C36B6CD1}.Debug_Ubuntu|x86.Build.0 = Debug|Any CPU
		{52581F94-330B-4212-9D57-0184C36B6CD1}.Debug|Any CPU.ActiveCfg = Debug|Any CPU
		{52581F94-330B-4212-9D57-0184C36B6CD1}.Debug|Any CPU.Build.0 = Debug|Any CPU
		{52581F94-330B-4212-9D57-0184C36B6CD1}.Debug|ARM.ActiveCfg = Debug|Any CPU
		{52581F94-330B-4212-9D57-0184C36B6CD1}.Debug|ARM.Build.0 = Debug|Any CPU
		{52581F94-330B-4212-9D57-0184C36B6CD1}.Debug|iPhone.ActiveCfg = Debug|Any CPU
		{52581F94-330B-4212-9D57-0184C36B6CD1}.Debug|iPhone.Build.0 = Debug|Any CPU
		{52581F94-330B-4212-9D57-0184C36B6CD1}.Debug|iPhoneSimulator.ActiveCfg = Debug|Any CPU
		{52581F94-330B-4212-9D57-0184C36B6CD1}.Debug|iPhoneSimulator.Build.0 = Debug|Any CPU
		{52581F94-330B-4212-9D57-0184C36B6CD1}.Debug|x64.ActiveCfg = Debug|Any CPU
		{52581F94-330B-4212-9D57-0184C36B6CD1}.Debug|x64.Build.0 = Debug|Any CPU
		{52581F94-330B-4212-9D57-0184C36B6CD1}.Debug|x86.ActiveCfg = Debug|Any CPU
		{52581F94-330B-4212-9D57-0184C36B6CD1}.Debug|x86.Build.0 = Debug|Any CPU
		{52581F94-330B-4212-9D57-0184C36B6CD1}.Release_Ubuntu|Any CPU.ActiveCfg = Release|Any CPU
		{52581F94-330B-4212-9D57-0184C36B6CD1}.Release_Ubuntu|Any CPU.Build.0 = Release|Any CPU
		{52581F94-330B-4212-9D57-0184C36B6CD1}.Release_Ubuntu|ARM.ActiveCfg = Release|Any CPU
		{52581F94-330B-4212-9D57-0184C36B6CD1}.Release_Ubuntu|ARM.Build.0 = Release|Any CPU
		{52581F94-330B-4212-9D57-0184C36B6CD1}.Release_Ubuntu|iPhone.ActiveCfg = Release|Any CPU
		{52581F94-330B-4212-9D57-0184C36B6CD1}.Release_Ubuntu|iPhone.Build.0 = Release|Any CPU
		{52581F94-330B-4212-9D57-0184C36B6CD1}.Release_Ubuntu|iPhoneSimulator.ActiveCfg = Release|Any CPU
		{52581F94-330B-4212-9D57-0184C36B6CD1}.Release_Ubuntu|iPhoneSimulator.Build.0 = Release|Any CPU
		{52581F94-330B-4212-9D57-0184C36B6CD1}.Release_Ubuntu|x64.ActiveCfg = Release|Any CPU
		{52581F94-330B-4212-9D57-0184C36B6CD1}.Release_Ubuntu|x64.Build.0 = Release|Any CPU
		{52581F94-330B-4212-9D57-0184C36B6CD1}.Release_Ubuntu|x86.ActiveCfg = Release|Any CPU
		{52581F94-330B-4212-9D57-0184C36B6CD1}.Release_Ubuntu|x86.Build.0 = Release|Any CPU
		{52581F94-330B-4212-9D57-0184C36B6CD1}.Release|Any CPU.ActiveCfg = Release|Any CPU
		{52581F94-330B-4212-9D57-0184C36B6CD1}.Release|Any CPU.Build.0 = Release|Any CPU
		{52581F94-330B-4212-9D57-0184C36B6CD1}.Release|ARM.ActiveCfg = Release|Any CPU
		{52581F94-330B-4212-9D57-0184C36B6CD1}.Release|ARM.Build.0 = Release|Any CPU
		{52581F94-330B-4212-9D57-0184C36B6CD1}.Release|iPhone.ActiveCfg = Release|Any CPU
		{52581F94-330B-4212-9D57-0184C36B6CD1}.Release|iPhone.Build.0 = Release|Any CPU
		{52581F94-330B-4212-9D57-0184C36B6CD1}.Release|iPhoneSimulator.ActiveCfg = Release|Any CPU
		{52581F94-330B-4212-9D57-0184C36B6CD1}.Release|iPhoneSimulator.Build.0 = Release|Any CPU
		{52581F94-330B-4212-9D57-0184C36B6CD1}.Release|x64.ActiveCfg = Release|Any CPU
		{52581F94-330B-4212-9D57-0184C36B6CD1}.Release|x64.Build.0 = Release|Any CPU
		{52581F94-330B-4212-9D57-0184C36B6CD1}.Release|x86.ActiveCfg = Release|Any CPU
		{52581F94-330B-4212-9D57-0184C36B6CD1}.Release|x86.Build.0 = Release|Any CPU
	EndGlobalSection
	GlobalSection(SolutionProperties) = preSolution
		HideSolutionNode = FALSE
	EndGlobalSection
	GlobalSection(NestedProjects) = preSolution
		{D6B2D66B-EBAD-4EBA-8320-1D4CEB8889A3} = {3D7B3F04-2843-452A-93F5-1F07B2A08AFF}
		{A7804348-67EF-40F1-837C-AF070F12DA54} = {3D7B3F04-2843-452A-93F5-1F07B2A08AFF}
		{2ABBD65B-1157-472A-ADC8-2DE6CC4A8A97} = {3D7B3F04-2843-452A-93F5-1F07B2A08AFF}
		{9073155E-935B-473F-9304-EBD3152B4423} = {3D7B3F04-2843-452A-93F5-1F07B2A08AFF}
		{75A6F0DF-A273-4E7E-A721-4714F5AECE32} = {3D7B3F04-2843-452A-93F5-1F07B2A08AFF}
		{52581F94-330B-4212-9D57-0184C36B6CD1} = {3D7B3F04-2843-452A-93F5-1F07B2A08AFF}
	EndGlobalSection
EndGlobal
