
Microsoft Visual Studio Solution File, Format Version 12.00
# Visual Studio 14
VisualStudioVersion = 14.0.25420.1
MinimumVisualStudioVersion = 10.0.40219.1
Project("{2150E333-8FDC-42A3-9474-1A3956D46DE8}") = "src", "src", "{3D7B3F04-2843-452A-93F5-1F07B2A08AFF}"
EndProject
Project("{2150E333-8FDC-42A3-9474-1A3956D46DE8}") = "Solution Items", "Solution Items", "{58EDC16A-8DB1-4F57-9F4E-1C1CB85BDB40}"
	ProjectSection(SolutionItems) = preProject
		global.json = global.json
	EndProjectSection
EndProject
Project("{8BB2217D-0F2D-49D1-97BC-3654ED321F3B}") = "R", "src\R\R.xproj", "{D6B2D66B-EBAD-4EBA-8320-1D4CEB8889A3}"
	ProjectSection(ProjectDependencies) = postProject
		{A7804348-67EF-40F1-837C-AF070F12DA54} = {A7804348-67EF-40F1-837C-AF070F12DA54}
	EndProjectSection
EndProject
Project("{8BB2217D-0F2D-49D1-97BC-3654ED321F3B}") = "R.Common", "src\R.Common\R.Common.xproj", "{A7804348-67EF-40F1-837C-AF070F12DA54}"
EndProject
Project("{FAE04EC0-301F-11D3-BF4B-00C04F79EFBC}") = "websocket-sharp", "src\ThirdParty\src\websocket-sharp\websocket-sharp.csproj", "{3C114EE4-2F78-4BDE-9AF3-EB38AE809740}"
EndProject
Project("{FAE04EC0-301F-11D3-BF4B-00C04F79EFBC}") = "R.Mobile.Droid", "src\R.Mobile\R.Mobile.Droid\R.Mobile.Droid.csproj", "{8BFB14C5-9124-4B9A-AF65-EDB72AA50036}"
	ProjectSection(ProjectDependencies) = postProject
		{EA79960F-7856-4EEC-8DE3-630AFC693B32} = {EA79960F-7856-4EEC-8DE3-630AFC693B32}
	EndProjectSection
EndProject
Project("{FAE04EC0-301F-11D3-BF4B-00C04F79EFBC}") = "R.Mobile.iOS", "src\R.Mobile\R.Mobile.iOS\R.Mobile.iOS.csproj", "{6F63E84B-60BA-4420-8C8D-B67F86D0A070}"
EndProject
<<<<<<< HEAD
=======
Project("{FAE04EC0-301F-11D3-BF4B-00C04F79EFBC}") = "R.Mobile.Windows", "src\R.Mobile\R.Mobile.Windows\R.Mobile.Windows.csproj", "{43F4E597-EB64-4B1F-AC95-979CEAF65615}"
EndProject
>>>>>>> be3cb1bffaa97bbe3b88e3f6680dcbd088dac168
Project("{FAE04EC0-301F-11D3-BF4B-00C04F79EFBC}") = "R.Mobile", "src\R.Mobile\R.Mobile\R.Mobile.csproj", "{EA79960F-7856-4EEC-8DE3-630AFC693B32}"
EndProject
Project("{8BB2217D-0F2D-49D1-97BC-3654ED321F3B}") = "R.Web", "src\R.Web\R.Web.xproj", "{52581F94-330B-4212-9D57-0184C36B6CD1}"
EndProject
Global
	GlobalSection(SolutionConfigurationPlatforms) = preSolution
		Ad-Hoc|Any CPU = Ad-Hoc|Any CPU
		Ad-Hoc|ARM = Ad-Hoc|ARM
		Ad-Hoc|iPhone = Ad-Hoc|iPhone
		Ad-Hoc|iPhoneSimulator = Ad-Hoc|iPhoneSimulator
		Ad-Hoc|x64 = Ad-Hoc|x64
		Ad-Hoc|x86 = Ad-Hoc|x86
		AppStore|Any CPU = AppStore|Any CPU
		AppStore|ARM = AppStore|ARM
		AppStore|iPhone = AppStore|iPhone
		AppStore|iPhoneSimulator = AppStore|iPhoneSimulator
		AppStore|x64 = AppStore|x64
		AppStore|x86 = AppStore|x86
		Debug_Ubuntu|Any CPU = Debug_Ubuntu|Any CPU
		Debug_Ubuntu|ARM = Debug_Ubuntu|ARM
		Debug_Ubuntu|iPhone = Debug_Ubuntu|iPhone
		Debug_Ubuntu|iPhoneSimulator = Debug_Ubuntu|iPhoneSimulator
		Debug_Ubuntu|x64 = Debug_Ubuntu|x64
		Debug_Ubuntu|x86 = Debug_Ubuntu|x86
		Debug|Any CPU = Debug|Any CPU
		Debug|ARM = Debug|ARM
		Debug|iPhone = Debug|iPhone
		Debug|iPhoneSimulator = Debug|iPhoneSimulator
		Debug|x64 = Debug|x64
		Debug|x86 = Debug|x86
		Release_Ubuntu|Any CPU = Release_Ubuntu|Any CPU
		Release_Ubuntu|ARM = Release_Ubuntu|ARM
		Release_Ubuntu|iPhone = Release_Ubuntu|iPhone
		Release_Ubuntu|iPhoneSimulator = Release_Ubuntu|iPhoneSimulator
		Release_Ubuntu|x64 = Release_Ubuntu|x64
		Release_Ubuntu|x86 = Release_Ubuntu|x86
		Release|Any CPU = Release|Any CPU
		Release|ARM = Release|ARM
		Release|iPhone = Release|iPhone
		Release|iPhoneSimulator = Release|iPhoneSimulator
		Release|x64 = Release|x64
		Release|x86 = Release|x86
	EndGlobalSection
	GlobalSection(ProjectConfigurationPlatforms) = postSolution
		{D6B2D66B-EBAD-4EBA-8320-1D4CEB8889A3}.Ad-Hoc|Any CPU.ActiveCfg = Release|Any CPU
		{D6B2D66B-EBAD-4EBA-8320-1D4CEB8889A3}.Ad-Hoc|Any CPU.Build.0 = Release|Any CPU
		{D6B2D66B-EBAD-4EBA-8320-1D4CEB8889A3}.Ad-Hoc|ARM.ActiveCfg = Release|Any CPU
		{D6B2D66B-EBAD-4EBA-8320-1D4CEB8889A3}.Ad-Hoc|ARM.Build.0 = Release|Any CPU
		{D6B2D66B-EBAD-4EBA-8320-1D4CEB8889A3}.Ad-Hoc|iPhone.ActiveCfg = Release|Any CPU
		{D6B2D66B-EBAD-4EBA-8320-1D4CEB8889A3}.Ad-Hoc|iPhone.Build.0 = Release|Any CPU
		{D6B2D66B-EBAD-4EBA-8320-1D4CEB8889A3}.Ad-Hoc|iPhoneSimulator.ActiveCfg = Release|Any CPU
		{D6B2D66B-EBAD-4EBA-8320-1D4CEB8889A3}.Ad-Hoc|iPhoneSimulator.Build.0 = Release|Any CPU
		{D6B2D66B-EBAD-4EBA-8320-1D4CEB8889A3}.Ad-Hoc|x64.ActiveCfg = Release|Any CPU
		{D6B2D66B-EBAD-4EBA-8320-1D4CEB8889A3}.Ad-Hoc|x64.Build.0 = Release|Any CPU
		{D6B2D66B-EBAD-4EBA-8320-1D4CEB8889A3}.Ad-Hoc|x86.ActiveCfg = Release|Any CPU
		{D6B2D66B-EBAD-4EBA-8320-1D4CEB8889A3}.Ad-Hoc|x86.Build.0 = Release|Any CPU
		{D6B2D66B-EBAD-4EBA-8320-1D4CEB8889A3}.AppStore|Any CPU.ActiveCfg = Release|Any CPU
		{D6B2D66B-EBAD-4EBA-8320-1D4CEB8889A3}.AppStore|Any CPU.Build.0 = Release|Any CPU
		{D6B2D66B-EBAD-4EBA-8320-1D4CEB8889A3}.AppStore|ARM.ActiveCfg = Release|Any CPU
		{D6B2D66B-EBAD-4EBA-8320-1D4CEB8889A3}.AppStore|ARM.Build.0 = Release|Any CPU
		{D6B2D66B-EBAD-4EBA-8320-1D4CEB8889A3}.AppStore|iPhone.ActiveCfg = Release|Any CPU
		{D6B2D66B-EBAD-4EBA-8320-1D4CEB8889A3}.AppStore|iPhone.Build.0 = Release|Any CPU
		{D6B2D66B-EBAD-4EBA-8320-1D4CEB8889A3}.AppStore|iPhoneSimulator.ActiveCfg = Release|Any CPU
		{D6B2D66B-EBAD-4EBA-8320-1D4CEB8889A3}.AppStore|iPhoneSimulator.Build.0 = Release|Any CPU
		{D6B2D66B-EBAD-4EBA-8320-1D4CEB8889A3}.AppStore|x64.ActiveCfg = Release|Any CPU
		{D6B2D66B-EBAD-4EBA-8320-1D4CEB8889A3}.AppStore|x64.Build.0 = Release|Any CPU
		{D6B2D66B-EBAD-4EBA-8320-1D4CEB8889A3}.AppStore|x86.ActiveCfg = Release|Any CPU
		{D6B2D66B-EBAD-4EBA-8320-1D4CEB8889A3}.AppStore|x86.Build.0 = Release|Any CPU
		{D6B2D66B-EBAD-4EBA-8320-1D4CEB8889A3}.Debug_Ubuntu|Any CPU.ActiveCfg = Debug|Any CPU
		{D6B2D66B-EBAD-4EBA-8320-1D4CEB8889A3}.Debug_Ubuntu|Any CPU.Build.0 = Debug|Any CPU
		{D6B2D66B-EBAD-4EBA-8320-1D4CEB8889A3}.Debug_Ubuntu|ARM.ActiveCfg = Debug|Any CPU
		{D6B2D66B-EBAD-4EBA-8320-1D4CEB8889A3}.Debug_Ubuntu|ARM.Build.0 = Debug|Any CPU
		{D6B2D66B-EBAD-4EBA-8320-1D4CEB8889A3}.Debug_Ubuntu|iPhone.ActiveCfg = Debug|Any CPU
		{D6B2D66B-EBAD-4EBA-8320-1D4CEB8889A3}.Debug_Ubuntu|iPhone.Build.0 = Debug|Any CPU
		{D6B2D66B-EBAD-4EBA-8320-1D4CEB8889A3}.Debug_Ubuntu|iPhoneSimulator.ActiveCfg = Debug|Any CPU
		{D6B2D66B-EBAD-4EBA-8320-1D4CEB8889A3}.Debug_Ubuntu|iPhoneSimulator.Build.0 = Debug|Any CPU
		{D6B2D66B-EBAD-4EBA-8320-1D4CEB8889A3}.Debug_Ubuntu|x64.ActiveCfg = Debug|Any CPU
		{D6B2D66B-EBAD-4EBA-8320-1D4CEB8889A3}.Debug_Ubuntu|x64.Build.0 = Debug|Any CPU
		{D6B2D66B-EBAD-4EBA-8320-1D4CEB8889A3}.Debug_Ubuntu|x86.ActiveCfg = Debug|Any CPU
		{D6B2D66B-EBAD-4EBA-8320-1D4CEB8889A3}.Debug_Ubuntu|x86.Build.0 = Debug|Any CPU
		{D6B2D66B-EBAD-4EBA-8320-1D4CEB8889A3}.Debug|Any CPU.ActiveCfg = Debug|Any CPU
		{D6B2D66B-EBAD-4EBA-8320-1D4CEB8889A3}.Debug|Any CPU.Build.0 = Debug|Any CPU
		{D6B2D66B-EBAD-4EBA-8320-1D4CEB8889A3}.Debug|ARM.ActiveCfg = Debug|Any CPU
		{D6B2D66B-EBAD-4EBA-8320-1D4CEB8889A3}.Debug|ARM.Build.0 = Debug|Any CPU
		{D6B2D66B-EBAD-4EBA-8320-1D4CEB8889A3}.Debug|iPhone.ActiveCfg = Debug|Any CPU
		{D6B2D66B-EBAD-4EBA-8320-1D4CEB8889A3}.Debug|iPhone.Build.0 = Debug|Any CPU
		{D6B2D66B-EBAD-4EBA-8320-1D4CEB8889A3}.Debug|iPhoneSimulator.ActiveCfg = Debug|Any CPU
		{D6B2D66B-EBAD-4EBA-8320-1D4CEB8889A3}.Debug|iPhoneSimulator.Build.0 = Debug|Any CPU
		{D6B2D66B-EBAD-4EBA-8320-1D4CEB8889A3}.Debug|x64.ActiveCfg = Debug|Any CPU
		{D6B2D66B-EBAD-4EBA-8320-1D4CEB8889A3}.Debug|x64.Build.0 = Debug|Any CPU
		{D6B2D66B-EBAD-4EBA-8320-1D4CEB8889A3}.Debug|x86.ActiveCfg = Debug|Any CPU
		{D6B2D66B-EBAD-4EBA-8320-1D4CEB8889A3}.Debug|x86.Build.0 = Debug|Any CPU
		{D6B2D66B-EBAD-4EBA-8320-1D4CEB8889A3}.Release_Ubuntu|Any CPU.ActiveCfg = Release|Any CPU
		{D6B2D66B-EBAD-4EBA-8320-1D4CEB8889A3}.Release_Ubuntu|Any CPU.Build.0 = Release|Any CPU
		{D6B2D66B-EBAD-4EBA-8320-1D4CEB8889A3}.Release_Ubuntu|ARM.ActiveCfg = Release|Any CPU
		{D6B2D66B-EBAD-4EBA-8320-1D4CEB8889A3}.Release_Ubuntu|ARM.Build.0 = Release|Any CPU
		{D6B2D66B-EBAD-4EBA-8320-1D4CEB8889A3}.Release_Ubuntu|iPhone.ActiveCfg = Release|Any CPU
		{D6B2D66B-EBAD-4EBA-8320-1D4CEB8889A3}.Release_Ubuntu|iPhone.Build.0 = Release|Any CPU
		{D6B2D66B-EBAD-4EBA-8320-1D4CEB8889A3}.Release_Ubuntu|iPhoneSimulator.ActiveCfg = Release|Any CPU
		{D6B2D66B-EBAD-4EBA-8320-1D4CEB8889A3}.Release_Ubuntu|iPhoneSimulator.Build.0 = Release|Any CPU
		{D6B2D66B-EBAD-4EBA-8320-1D4CEB8889A3}.Release_Ubuntu|x64.ActiveCfg = Release|Any CPU
		{D6B2D66B-EBAD-4EBA-8320-1D4CEB8889A3}.Release_Ubuntu|x64.Build.0 = Release|Any CPU
		{D6B2D66B-EBAD-4EBA-8320-1D4CEB8889A3}.Release_Ubuntu|x86.ActiveCfg = Release|Any CPU
		{D6B2D66B-EBAD-4EBA-8320-1D4CEB8889A3}.Release_Ubuntu|x86.Build.0 = Release|Any CPU
		{D6B2D66B-EBAD-4EBA-8320-1D4CEB8889A3}.Release|Any CPU.ActiveCfg = Release|Any CPU
		{D6B2D66B-EBAD-4EBA-8320-1D4CEB8889A3}.Release|Any CPU.Build.0 = Release|Any CPU
		{D6B2D66B-EBAD-4EBA-8320-1D4CEB8889A3}.Release|ARM.ActiveCfg = Release|Any CPU
		{D6B2D66B-EBAD-4EBA-8320-1D4CEB8889A3}.Release|ARM.Build.0 = Release|Any CPU
		{D6B2D66B-EBAD-4EBA-8320-1D4CEB8889A3}.Release|iPhone.ActiveCfg = Release|Any CPU
		{D6B2D66B-EBAD-4EBA-8320-1D4CEB8889A3}.Release|iPhone.Build.0 = Release|Any CPU
		{D6B2D66B-EBAD-4EBA-8320-1D4CEB8889A3}.Release|iPhoneSimulator.ActiveCfg = Release|Any CPU
		{D6B2D66B-EBAD-4EBA-8320-1D4CEB8889A3}.Release|iPhoneSimulator.Build.0 = Release|Any CPU
		{D6B2D66B-EBAD-4EBA-8320-1D4CEB8889A3}.Release|x64.ActiveCfg = Release|Any CPU
		{D6B2D66B-EBAD-4EBA-8320-1D4CEB8889A3}.Release|x64.Build.0 = Release|Any CPU
		{D6B2D66B-EBAD-4EBA-8320-1D4CEB8889A3}.Release|x86.ActiveCfg = Release|Any CPU
		{D6B2D66B-EBAD-4EBA-8320-1D4CEB8889A3}.Release|x86.Build.0 = Release|Any CPU
		{A7804348-67EF-40F1-837C-AF070F12DA54}.Ad-Hoc|Any CPU.ActiveCfg = Release|Any CPU
		{A7804348-67EF-40F1-837C-AF070F12DA54}.Ad-Hoc|Any CPU.Build.0 = Release|Any CPU
		{A7804348-67EF-40F1-837C-AF070F12DA54}.Ad-Hoc|ARM.ActiveCfg = Release|Any CPU
		{A7804348-67EF-40F1-837C-AF070F12DA54}.Ad-Hoc|ARM.Build.0 = Release|Any CPU
		{A7804348-67EF-40F1-837C-AF070F12DA54}.Ad-Hoc|iPhone.ActiveCfg = Release|Any CPU
		{A7804348-67EF-40F1-837C-AF070F12DA54}.Ad-Hoc|iPhone.Build.0 = Release|Any CPU
		{A7804348-67EF-40F1-837C-AF070F12DA54}.Ad-Hoc|iPhoneSimulator.ActiveCfg = Release|Any CPU
		{A7804348-67EF-40F1-837C-AF070F12DA54}.Ad-Hoc|iPhoneSimulator.Build.0 = Release|Any CPU
		{A7804348-67EF-40F1-837C-AF070F12DA54}.Ad-Hoc|x64.ActiveCfg = Release|Any CPU
		{A7804348-67EF-40F1-837C-AF070F12DA54}.Ad-Hoc|x64.Build.0 = Release|Any CPU
		{A7804348-67EF-40F1-837C-AF070F12DA54}.Ad-Hoc|x86.ActiveCfg = Release|Any CPU
		{A7804348-67EF-40F1-837C-AF070F12DA54}.Ad-Hoc|x86.Build.0 = Release|Any CPU
		{A7804348-67EF-40F1-837C-AF070F12DA54}.AppStore|Any CPU.ActiveCfg = Release|Any CPU
		{A7804348-67EF-40F1-837C-AF070F12DA54}.AppStore|Any CPU.Build.0 = Release|Any CPU
		{A7804348-67EF-40F1-837C-AF070F12DA54}.AppStore|ARM.ActiveCfg = Release|Any CPU
		{A7804348-67EF-40F1-837C-AF070F12DA54}.AppStore|ARM.Build.0 = Release|Any CPU
		{A7804348-67EF-40F1-837C-AF070F12DA54}.AppStore|iPhone.ActiveCfg = Release|Any CPU
		{A7804348-67EF-40F1-837C-AF070F12DA54}.AppStore|iPhone.Build.0 = Release|Any CPU
		{A7804348-67EF-40F1-837C-AF070F12DA54}.AppStore|iPhoneSimulator.ActiveCfg = Release|Any CPU
		{A7804348-67EF-40F1-837C-AF070F12DA54}.AppStore|iPhoneSimulator.Build.0 = Release|Any CPU
		{A7804348-67EF-40F1-837C-AF070F12DA54}.AppStore|x64.ActiveCfg = Release|Any CPU
		{A7804348-67EF-40F1-837C-AF070F12DA54}.AppStore|x64.Build.0 = Release|Any CPU
		{A7804348-67EF-40F1-837C-AF070F12DA54}.AppStore|x86.ActiveCfg = Release|Any CPU
		{A7804348-67EF-40F1-837C-AF070F12DA54}.AppStore|x86.Build.0 = Release|Any CPU
		{A7804348-67EF-40F1-837C-AF070F12DA54}.Debug_Ubuntu|Any CPU.ActiveCfg = Debug|Any CPU
		{A7804348-67EF-40F1-837C-AF070F12DA54}.Debug_Ubuntu|Any CPU.Build.0 = Debug|Any CPU
		{A7804348-67EF-40F1-837C-AF070F12DA54}.Debug_Ubuntu|ARM.ActiveCfg = Debug|Any CPU
		{A7804348-67EF-40F1-837C-AF070F12DA54}.Debug_Ubuntu|ARM.Build.0 = Debug|Any CPU
		{A7804348-67EF-40F1-837C-AF070F12DA54}.Debug_Ubuntu|iPhone.ActiveCfg = Debug|Any CPU
		{A7804348-67EF-40F1-837C-AF070F12DA54}.Debug_Ubuntu|iPhone.Build.0 = Debug|Any CPU
		{A7804348-67EF-40F1-837C-AF070F12DA54}.Debug_Ubuntu|iPhoneSimulator.ActiveCfg = Debug|Any CPU
		{A7804348-67EF-40F1-837C-AF070F12DA54}.Debug_Ubuntu|iPhoneSimulator.Build.0 = Debug|Any CPU
		{A7804348-67EF-40F1-837C-AF070F12DA54}.Debug_Ubuntu|x64.ActiveCfg = Debug|Any CPU
		{A7804348-67EF-40F1-837C-AF070F12DA54}.Debug_Ubuntu|x64.Build.0 = Debug|Any CPU
		{A7804348-67EF-40F1-837C-AF070F12DA54}.Debug_Ubuntu|x86.ActiveCfg = Debug|Any CPU
		{A7804348-67EF-40F1-837C-AF070F12DA54}.Debug_Ubuntu|x86.Build.0 = Debug|Any CPU
		{A7804348-67EF-40F1-837C-AF070F12DA54}.Debug|Any CPU.ActiveCfg = Debug|Any CPU
		{A7804348-67EF-40F1-837C-AF070F12DA54}.Debug|Any CPU.Build.0 = Debug|Any CPU
		{A7804348-67EF-40F1-837C-AF070F12DA54}.Debug|ARM.ActiveCfg = Debug|Any CPU
		{A7804348-67EF-40F1-837C-AF070F12DA54}.Debug|ARM.Build.0 = Debug|Any CPU
		{A7804348-67EF-40F1-837C-AF070F12DA54}.Debug|iPhone.ActiveCfg = Debug|Any CPU
		{A7804348-67EF-40F1-837C-AF070F12DA54}.Debug|iPhone.Build.0 = Debug|Any CPU
		{A7804348-67EF-40F1-837C-AF070F12DA54}.Debug|iPhoneSimulator.ActiveCfg = Debug|Any CPU
		{A7804348-67EF-40F1-837C-AF070F12DA54}.Debug|iPhoneSimulator.Build.0 = Debug|Any CPU
		{A7804348-67EF-40F1-837C-AF070F12DA54}.Debug|x64.ActiveCfg = Debug|Any CPU
		{A7804348-67EF-40F1-837C-AF070F12DA54}.Debug|x64.Build.0 = Debug|Any CPU
		{A7804348-67EF-40F1-837C-AF070F12DA54}.Debug|x86.ActiveCfg = Debug|Any CPU
		{A7804348-67EF-40F1-837C-AF070F12DA54}.Debug|x86.Build.0 = Debug|Any CPU
		{A7804348-67EF-40F1-837C-AF070F12DA54}.Release_Ubuntu|Any CPU.ActiveCfg = Release|Any CPU
		{A7804348-67EF-40F1-837C-AF070F12DA54}.Release_Ubuntu|Any CPU.Build.0 = Release|Any CPU
		{A7804348-67EF-40F1-837C-AF070F12DA54}.Release_Ubuntu|ARM.ActiveCfg = Release|Any CPU
		{A7804348-67EF-40F1-837C-AF070F12DA54}.Release_Ubuntu|ARM.Build.0 = Release|Any CPU
		{A7804348-67EF-40F1-837C-AF070F12DA54}.Release_Ubuntu|iPhone.ActiveCfg = Release|Any CPU
		{A7804348-67EF-40F1-837C-AF070F12DA54}.Release_Ubuntu|iPhone.Build.0 = Release|Any CPU
		{A7804348-67EF-40F1-837C-AF070F12DA54}.Release_Ubuntu|iPhoneSimulator.ActiveCfg = Release|Any CPU
		{A7804348-67EF-40F1-837C-AF070F12DA54}.Release_Ubuntu|iPhoneSimulator.Build.0 = Release|Any CPU
		{A7804348-67EF-40F1-837C-AF070F12DA54}.Release_Ubuntu|x64.ActiveCfg = Release|Any CPU
		{A7804348-67EF-40F1-837C-AF070F12DA54}.Release_Ubuntu|x64.Build.0 = Release|Any CPU
		{A7804348-67EF-40F1-837C-AF070F12DA54}.Release_Ubuntu|x86.ActiveCfg = Release|Any CPU
		{A7804348-67EF-40F1-837C-AF070F12DA54}.Release_Ubuntu|x86.Build.0 = Release|Any CPU
		{A7804348-67EF-40F1-837C-AF070F12DA54}.Release|Any CPU.ActiveCfg = Release|Any CPU
		{A7804348-67EF-40F1-837C-AF070F12DA54}.Release|Any CPU.Build.0 = Release|Any CPU
		{A7804348-67EF-40F1-837C-AF070F12DA54}.Release|ARM.ActiveCfg = Release|Any CPU
		{A7804348-67EF-40F1-837C-AF070F12DA54}.Release|ARM.Build.0 = Release|Any CPU
		{A7804348-67EF-40F1-837C-AF070F12DA54}.Release|iPhone.ActiveCfg = Release|Any CPU
		{A7804348-67EF-40F1-837C-AF070F12DA54}.Release|iPhone.Build.0 = Release|Any CPU
		{A7804348-67EF-40F1-837C-AF070F12DA54}.Release|iPhoneSimulator.ActiveCfg = Release|Any CPU
		{A7804348-67EF-40F1-837C-AF070F12DA54}.Release|iPhoneSimulator.Build.0 = Release|Any CPU
		{A7804348-67EF-40F1-837C-AF070F12DA54}.Release|x64.ActiveCfg = Release|Any CPU
		{A7804348-67EF-40F1-837C-AF070F12DA54}.Release|x64.Build.0 = Release|Any CPU
		{A7804348-67EF-40F1-837C-AF070F12DA54}.Release|x86.ActiveCfg = Release|Any CPU
		{A7804348-67EF-40F1-837C-AF070F12DA54}.Release|x86.Build.0 = Release|Any CPU
		{3C114EE4-2F78-4BDE-9AF3-EB38AE809740}.Ad-Hoc|Any CPU.ActiveCfg = Release_Ubuntu|Any CPU
		{3C114EE4-2F78-4BDE-9AF3-EB38AE809740}.Ad-Hoc|Any CPU.Build.0 = Release_Ubuntu|Any CPU
		{3C114EE4-2F78-4BDE-9AF3-EB38AE809740}.Ad-Hoc|ARM.ActiveCfg = Release_Ubuntu|Any CPU
		{3C114EE4-2F78-4BDE-9AF3-EB38AE809740}.Ad-Hoc|ARM.Build.0 = Release_Ubuntu|Any CPU
		{3C114EE4-2F78-4BDE-9AF3-EB38AE809740}.Ad-Hoc|iPhone.ActiveCfg = Release_Ubuntu|Any CPU
		{3C114EE4-2F78-4BDE-9AF3-EB38AE809740}.Ad-Hoc|iPhone.Build.0 = Release_Ubuntu|Any CPU
		{3C114EE4-2F78-4BDE-9AF3-EB38AE809740}.Ad-Hoc|iPhoneSimulator.ActiveCfg = Release_Ubuntu|Any CPU
		{3C114EE4-2F78-4BDE-9AF3-EB38AE809740}.Ad-Hoc|iPhoneSimulator.Build.0 = Release_Ubuntu|Any CPU
		{3C114EE4-2F78-4BDE-9AF3-EB38AE809740}.Ad-Hoc|x64.ActiveCfg = Release_Ubuntu|Any CPU
		{3C114EE4-2F78-4BDE-9AF3-EB38AE809740}.Ad-Hoc|x64.Build.0 = Release_Ubuntu|Any CPU
		{3C114EE4-2F78-4BDE-9AF3-EB38AE809740}.Ad-Hoc|x86.ActiveCfg = Release_Ubuntu|Any CPU
		{3C114EE4-2F78-4BDE-9AF3-EB38AE809740}.Ad-Hoc|x86.Build.0 = Release_Ubuntu|Any CPU
		{3C114EE4-2F78-4BDE-9AF3-EB38AE809740}.AppStore|Any CPU.ActiveCfg = Release_Ubuntu|Any CPU
		{3C114EE4-2F78-4BDE-9AF3-EB38AE809740}.AppStore|Any CPU.Build.0 = Release_Ubuntu|Any CPU
		{3C114EE4-2F78-4BDE-9AF3-EB38AE809740}.AppStore|ARM.ActiveCfg = Release_Ubuntu|Any CPU
		{3C114EE4-2F78-4BDE-9AF3-EB38AE809740}.AppStore|ARM.Build.0 = Release_Ubuntu|Any CPU
		{3C114EE4-2F78-4BDE-9AF3-EB38AE809740}.AppStore|iPhone.ActiveCfg = Release_Ubuntu|Any CPU
		{3C114EE4-2F78-4BDE-9AF3-EB38AE809740}.AppStore|iPhone.Build.0 = Release_Ubuntu|Any CPU
		{3C114EE4-2F78-4BDE-9AF3-EB38AE809740}.AppStore|iPhoneSimulator.ActiveCfg = Release_Ubuntu|Any CPU
		{3C114EE4-2F78-4BDE-9AF3-EB38AE809740}.AppStore|iPhoneSimulator.Build.0 = Release_Ubuntu|Any CPU
		{3C114EE4-2F78-4BDE-9AF3-EB38AE809740}.AppStore|x64.ActiveCfg = Release_Ubuntu|Any CPU
		{3C114EE4-2F78-4BDE-9AF3-EB38AE809740}.AppStore|x64.Build.0 = Release_Ubuntu|Any CPU
		{3C114EE4-2F78-4BDE-9AF3-EB38AE809740}.AppStore|x86.ActiveCfg = Release_Ubuntu|Any CPU
		{3C114EE4-2F78-4BDE-9AF3-EB38AE809740}.AppStore|x86.Build.0 = Release_Ubuntu|Any CPU
		{3C114EE4-2F78-4BDE-9AF3-EB38AE809740}.Debug_Ubuntu|Any CPU.ActiveCfg = Debug_Ubuntu|Any CPU
		{3C114EE4-2F78-4BDE-9AF3-EB38AE809740}.Debug_Ubuntu|Any CPU.Build.0 = Debug_Ubuntu|Any CPU
		{3C114EE4-2F78-4BDE-9AF3-EB38AE809740}.Debug_Ubuntu|ARM.ActiveCfg = Debug_Ubuntu|Any CPU
		{3C114EE4-2F78-4BDE-9AF3-EB38AE809740}.Debug_Ubuntu|ARM.Build.0 = Debug_Ubuntu|Any CPU
		{3C114EE4-2F78-4BDE-9AF3-EB38AE809740}.Debug_Ubuntu|iPhone.ActiveCfg = Debug_Ubuntu|Any CPU
		{3C114EE4-2F78-4BDE-9AF3-EB38AE809740}.Debug_Ubuntu|iPhone.Build.0 = Debug_Ubuntu|Any CPU
		{3C114EE4-2F78-4BDE-9AF3-EB38AE809740}.Debug_Ubuntu|iPhoneSimulator.ActiveCfg = Debug_Ubuntu|Any CPU
		{3C114EE4-2F78-4BDE-9AF3-EB38AE809740}.Debug_Ubuntu|iPhoneSimulator.Build.0 = Debug_Ubuntu|Any CPU
		{3C114EE4-2F78-4BDE-9AF3-EB38AE809740}.Debug_Ubuntu|x64.ActiveCfg = Debug_Ubuntu|Any CPU
		{3C114EE4-2F78-4BDE-9AF3-EB38AE809740}.Debug_Ubuntu|x64.Build.0 = Debug_Ubuntu|Any CPU
		{3C114EE4-2F78-4BDE-9AF3-EB38AE809740}.Debug_Ubuntu|x86.ActiveCfg = Debug_Ubuntu|Any CPU
		{3C114EE4-2F78-4BDE-9AF3-EB38AE809740}.Debug_Ubuntu|x86.Build.0 = Debug_Ubuntu|Any CPU
		{3C114EE4-2F78-4BDE-9AF3-EB38AE809740}.Debug|Any CPU.ActiveCfg = Debug|Any CPU
		{3C114EE4-2F78-4BDE-9AF3-EB38AE809740}.Debug|Any CPU.Build.0 = Debug|Any CPU
		{3C114EE4-2F78-4BDE-9AF3-EB38AE809740}.Debug|ARM.ActiveCfg = Debug|Any CPU
		{3C114EE4-2F78-4BDE-9AF3-EB38AE809740}.Debug|ARM.Build.0 = Debug|Any CPU
		{3C114EE4-2F78-4BDE-9AF3-EB38AE809740}.Debug|iPhone.ActiveCfg = Debug|Any CPU
		{3C114EE4-2F78-4BDE-9AF3-EB38AE809740}.Debug|iPhone.Build.0 = Debug|Any CPU
		{3C114EE4-2F78-4BDE-9AF3-EB38AE809740}.Debug|iPhoneSimulator.ActiveCfg = Debug|Any CPU
		{3C114EE4-2F78-4BDE-9AF3-EB38AE809740}.Debug|iPhoneSimulator.Build.0 = Debug|Any CPU
		{3C114EE4-2F78-4BDE-9AF3-EB38AE809740}.Debug|x64.ActiveCfg = Debug|Any CPU
		{3C114EE4-2F78-4BDE-9AF3-EB38AE809740}.Debug|x64.Build.0 = Debug|Any CPU
		{3C114EE4-2F78-4BDE-9AF3-EB38AE809740}.Debug|x86.ActiveCfg = Debug|Any CPU
		{3C114EE4-2F78-4BDE-9AF3-EB38AE809740}.Debug|x86.Build.0 = Debug|Any CPU
		{3C114EE4-2F78-4BDE-9AF3-EB38AE809740}.Release_Ubuntu|Any CPU.ActiveCfg = Release_Ubuntu|Any CPU
		{3C114EE4-2F78-4BDE-9AF3-EB38AE809740}.Release_Ubuntu|Any CPU.Build.0 = Release_Ubuntu|Any CPU
		{3C114EE4-2F78-4BDE-9AF3-EB38AE809740}.Release_Ubuntu|ARM.ActiveCfg = Release_Ubuntu|Any CPU
		{3C114EE4-2F78-4BDE-9AF3-EB38AE809740}.Release_Ubuntu|ARM.Build.0 = Release_Ubuntu|Any CPU
		{3C114EE4-2F78-4BDE-9AF3-EB38AE809740}.Release_Ubuntu|iPhone.ActiveCfg = Release_Ubuntu|Any CPU
		{3C114EE4-2F78-4BDE-9AF3-EB38AE809740}.Release_Ubuntu|iPhone.Build.0 = Release_Ubuntu|Any CPU
		{3C114EE4-2F78-4BDE-9AF3-EB38AE809740}.Release_Ubuntu|iPhoneSimulator.ActiveCfg = Release_Ubuntu|Any CPU
		{3C114EE4-2F78-4BDE-9AF3-EB38AE809740}.Release_Ubuntu|iPhoneSimulator.Build.0 = Release_Ubuntu|Any CPU
		{3C114EE4-2F78-4BDE-9AF3-EB38AE809740}.Release_Ubuntu|x64.ActiveCfg = Release_Ubuntu|Any CPU
		{3C114EE4-2F78-4BDE-9AF3-EB38AE809740}.Release_Ubuntu|x64.Build.0 = Release_Ubuntu|Any CPU
		{3C114EE4-2F78-4BDE-9AF3-EB38AE809740}.Release_Ubuntu|x86.ActiveCfg = Release_Ubuntu|Any CPU
		{3C114EE4-2F78-4BDE-9AF3-EB38AE809740}.Release_Ubuntu|x86.Build.0 = Release_Ubuntu|Any CPU
		{3C114EE4-2F78-4BDE-9AF3-EB38AE809740}.Release|Any CPU.ActiveCfg = Release|Any CPU
		{3C114EE4-2F78-4BDE-9AF3-EB38AE809740}.Release|Any CPU.Build.0 = Release|Any CPU
		{3C114EE4-2F78-4BDE-9AF3-EB38AE809740}.Release|ARM.ActiveCfg = Release|Any CPU
		{3C114EE4-2F78-4BDE-9AF3-EB38AE809740}.Release|ARM.Build.0 = Release|Any CPU
		{3C114EE4-2F78-4BDE-9AF3-EB38AE809740}.Release|iPhone.ActiveCfg = Release|Any CPU
		{3C114EE4-2F78-4BDE-9AF3-EB38AE809740}.Release|iPhone.Build.0 = Release|Any CPU
		{3C114EE4-2F78-4BDE-9AF3-EB38AE809740}.Release|iPhoneSimulator.ActiveCfg = Release|Any CPU
		{3C114EE4-2F78-4BDE-9AF3-EB38AE809740}.Release|iPhoneSimulator.Build.0 = Release|Any CPU
		{3C114EE4-2F78-4BDE-9AF3-EB38AE809740}.Release|x64.ActiveCfg = Release|Any CPU
		{3C114EE4-2F78-4BDE-9AF3-EB38AE809740}.Release|x64.Build.0 = Release|Any CPU
		{3C114EE4-2F78-4BDE-9AF3-EB38AE809740}.Release|x86.ActiveCfg = Release|Any CPU
		{3C114EE4-2F78-4BDE-9AF3-EB38AE809740}.Release|x86.Build.0 = Release|Any CPU
		{8BFB14C5-9124-4B9A-AF65-EDB72AA50036}.Ad-Hoc|Any CPU.ActiveCfg = Release|Any CPU
		{8BFB14C5-9124-4B9A-AF65-EDB72AA50036}.Ad-Hoc|Any CPU.Build.0 = Release|Any CPU
		{8BFB14C5-9124-4B9A-AF65-EDB72AA50036}.Ad-Hoc|Any CPU.Deploy.0 = Release|Any CPU
		{8BFB14C5-9124-4B9A-AF65-EDB72AA50036}.Ad-Hoc|ARM.ActiveCfg = Release|Any CPU
		{8BFB14C5-9124-4B9A-AF65-EDB72AA50036}.Ad-Hoc|ARM.Build.0 = Release|Any CPU
		{8BFB14C5-9124-4B9A-AF65-EDB72AA50036}.Ad-Hoc|ARM.Deploy.0 = Release|Any CPU
		{8BFB14C5-9124-4B9A-AF65-EDB72AA50036}.Ad-Hoc|iPhone.ActiveCfg = Release|Any CPU
		{8BFB14C5-9124-4B9A-AF65-EDB72AA50036}.Ad-Hoc|iPhone.Build.0 = Release|Any CPU
		{8BFB14C5-9124-4B9A-AF65-EDB72AA50036}.Ad-Hoc|iPhone.Deploy.0 = Release|Any CPU
		{8BFB14C5-9124-4B9A-AF65-EDB72AA50036}.Ad-Hoc|iPhoneSimulator.ActiveCfg = Release|Any CPU
		{8BFB14C5-9124-4B9A-AF65-EDB72AA50036}.Ad-Hoc|iPhoneSimulator.Build.0 = Release|Any CPU
		{8BFB14C5-9124-4B9A-AF65-EDB72AA50036}.Ad-Hoc|iPhoneSimulator.Deploy.0 = Release|Any CPU
		{8BFB14C5-9124-4B9A-AF65-EDB72AA50036}.Ad-Hoc|x64.ActiveCfg = Release|Any CPU
		{8BFB14C5-9124-4B9A-AF65-EDB72AA50036}.Ad-Hoc|x64.Build.0 = Release|Any CPU
		{8BFB14C5-9124-4B9A-AF65-EDB72AA50036}.Ad-Hoc|x64.Deploy.0 = Release|Any CPU
		{8BFB14C5-9124-4B9A-AF65-EDB72AA50036}.Ad-Hoc|x86.ActiveCfg = Release|Any CPU
		{8BFB14C5-9124-4B9A-AF65-EDB72AA50036}.Ad-Hoc|x86.Build.0 = Release|Any CPU
		{8BFB14C5-9124-4B9A-AF65-EDB72AA50036}.Ad-Hoc|x86.Deploy.0 = Release|Any CPU
		{8BFB14C5-9124-4B9A-AF65-EDB72AA50036}.AppStore|Any CPU.ActiveCfg = Release|Any CPU
		{8BFB14C5-9124-4B9A-AF65-EDB72AA50036}.AppStore|Any CPU.Build.0 = Release|Any CPU
		{8BFB14C5-9124-4B9A-AF65-EDB72AA50036}.AppStore|Any CPU.Deploy.0 = Release|Any CPU
		{8BFB14C5-9124-4B9A-AF65-EDB72AA50036}.AppStore|ARM.ActiveCfg = Release|Any CPU
		{8BFB14C5-9124-4B9A-AF65-EDB72AA50036}.AppStore|ARM.Build.0 = Release|Any CPU
		{8BFB14C5-9124-4B9A-AF65-EDB72AA50036}.AppStore|ARM.Deploy.0 = Release|Any CPU
		{8BFB14C5-9124-4B9A-AF65-EDB72AA50036}.AppStore|iPhone.ActiveCfg = Release|Any CPU
		{8BFB14C5-9124-4B9A-AF65-EDB72AA50036}.AppStore|iPhone.Build.0 = Release|Any CPU
		{8BFB14C5-9124-4B9A-AF65-EDB72AA50036}.AppStore|iPhone.Deploy.0 = Release|Any CPU
		{8BFB14C5-9124-4B9A-AF65-EDB72AA50036}.AppStore|iPhoneSimulator.ActiveCfg = Release|Any CPU
		{8BFB14C5-9124-4B9A-AF65-EDB72AA50036}.AppStore|iPhoneSimulator.Build.0 = Release|Any CPU
		{8BFB14C5-9124-4B9A-AF65-EDB72AA50036}.AppStore|iPhoneSimulator.Deploy.0 = Release|Any CPU
		{8BFB14C5-9124-4B9A-AF65-EDB72AA50036}.AppStore|x64.ActiveCfg = Release|Any CPU
		{8BFB14C5-9124-4B9A-AF65-EDB72AA50036}.AppStore|x64.Build.0 = Release|Any CPU
		{8BFB14C5-9124-4B9A-AF65-EDB72AA50036}.AppStore|x64.Deploy.0 = Release|Any CPU
		{8BFB14C5-9124-4B9A-AF65-EDB72AA50036}.AppStore|x86.ActiveCfg = Release|Any CPU
		{8BFB14C5-9124-4B9A-AF65-EDB72AA50036}.AppStore|x86.Build.0 = Release|Any CPU
		{8BFB14C5-9124-4B9A-AF65-EDB72AA50036}.AppStore|x86.Deploy.0 = Release|Any CPU
		{8BFB14C5-9124-4B9A-AF65-EDB72AA50036}.Debug_Ubuntu|Any CPU.ActiveCfg = Debug|Any CPU
		{8BFB14C5-9124-4B9A-AF65-EDB72AA50036}.Debug_Ubuntu|Any CPU.Build.0 = Debug|Any CPU
		{8BFB14C5-9124-4B9A-AF65-EDB72AA50036}.Debug_Ubuntu|Any CPU.Deploy.0 = Debug|Any CPU
		{8BFB14C5-9124-4B9A-AF65-EDB72AA50036}.Debug_Ubuntu|ARM.ActiveCfg = Debug|Any CPU
		{8BFB14C5-9124-4B9A-AF65-EDB72AA50036}.Debug_Ubuntu|ARM.Build.0 = Debug|Any CPU
		{8BFB14C5-9124-4B9A-AF65-EDB72AA50036}.Debug_Ubuntu|ARM.Deploy.0 = Debug|Any CPU
		{8BFB14C5-9124-4B9A-AF65-EDB72AA50036}.Debug_Ubuntu|iPhone.ActiveCfg = Debug|Any CPU
		{8BFB14C5-9124-4B9A-AF65-EDB72AA50036}.Debug_Ubuntu|iPhone.Build.0 = Debug|Any CPU
		{8BFB14C5-9124-4B9A-AF65-EDB72AA50036}.Debug_Ubuntu|iPhone.Deploy.0 = Debug|Any CPU
		{8BFB14C5-9124-4B9A-AF65-EDB72AA50036}.Debug_Ubuntu|iPhoneSimulator.ActiveCfg = Debug|Any CPU
		{8BFB14C5-9124-4B9A-AF65-EDB72AA50036}.Debug_Ubuntu|iPhoneSimulator.Build.0 = Debug|Any CPU
		{8BFB14C5-9124-4B9A-AF65-EDB72AA50036}.Debug_Ubuntu|iPhoneSimulator.Deploy.0 = Debug|Any CPU
		{8BFB14C5-9124-4B9A-AF65-EDB72AA50036}.Debug_Ubuntu|x64.ActiveCfg = Debug|Any CPU
		{8BFB14C5-9124-4B9A-AF65-EDB72AA50036}.Debug_Ubuntu|x64.Build.0 = Debug|Any CPU
		{8BFB14C5-9124-4B9A-AF65-EDB72AA50036}.Debug_Ubuntu|x64.Deploy.0 = Debug|Any CPU
		{8BFB14C5-9124-4B9A-AF65-EDB72AA50036}.Debug_Ubuntu|x86.ActiveCfg = Debug|Any CPU
		{8BFB14C5-9124-4B9A-AF65-EDB72AA50036}.Debug_Ubuntu|x86.Build.0 = Debug|Any CPU
		{8BFB14C5-9124-4B9A-AF65-EDB72AA50036}.Debug_Ubuntu|x86.Deploy.0 = Debug|Any CPU
		{8BFB14C5-9124-4B9A-AF65-EDB72AA50036}.Debug|Any CPU.ActiveCfg = Debug|Any CPU
		{8BFB14C5-9124-4B9A-AF65-EDB72AA50036}.Debug|Any CPU.Build.0 = Debug|Any CPU
		{8BFB14C5-9124-4B9A-AF65-EDB72AA50036}.Debug|Any CPU.Deploy.0 = Debug|Any CPU
		{8BFB14C5-9124-4B9A-AF65-EDB72AA50036}.Debug|ARM.ActiveCfg = Debug|Any CPU
		{8BFB14C5-9124-4B9A-AF65-EDB72AA50036}.Debug|ARM.Build.0 = Debug|Any CPU
		{8BFB14C5-9124-4B9A-AF65-EDB72AA50036}.Debug|ARM.Deploy.0 = Debug|Any CPU
		{8BFB14C5-9124-4B9A-AF65-EDB72AA50036}.Debug|iPhone.ActiveCfg = Debug|Any CPU
		{8BFB14C5-9124-4B9A-AF65-EDB72AA50036}.Debug|iPhone.Build.0 = Debug|Any CPU
		{8BFB14C5-9124-4B9A-AF65-EDB72AA50036}.Debug|iPhone.Deploy.0 = Debug|Any CPU
		{8BFB14C5-9124-4B9A-AF65-EDB72AA50036}.Debug|iPhoneSimulator.ActiveCfg = Debug|Any CPU
		{8BFB14C5-9124-4B9A-AF65-EDB72AA50036}.Debug|iPhoneSimulator.Build.0 = Debug|Any CPU
		{8BFB14C5-9124-4B9A-AF65-EDB72AA50036}.Debug|iPhoneSimulator.Deploy.0 = Debug|Any CPU
		{8BFB14C5-9124-4B9A-AF65-EDB72AA50036}.Debug|x64.ActiveCfg = Debug|Any CPU
		{8BFB14C5-9124-4B9A-AF65-EDB72AA50036}.Debug|x64.Build.0 = Debug|Any CPU
		{8BFB14C5-9124-4B9A-AF65-EDB72AA50036}.Debug|x64.Deploy.0 = Debug|Any CPU
		{8BFB14C5-9124-4B9A-AF65-EDB72AA50036}.Debug|x86.ActiveCfg = Debug|Any CPU
		{8BFB14C5-9124-4B9A-AF65-EDB72AA50036}.Debug|x86.Build.0 = Debug|Any CPU
		{8BFB14C5-9124-4B9A-AF65-EDB72AA50036}.Debug|x86.Deploy.0 = Debug|Any CPU
		{8BFB14C5-9124-4B9A-AF65-EDB72AA50036}.Release_Ubuntu|Any CPU.ActiveCfg = Release|Any CPU
		{8BFB14C5-9124-4B9A-AF65-EDB72AA50036}.Release_Ubuntu|Any CPU.Build.0 = Release|Any CPU
		{8BFB14C5-9124-4B9A-AF65-EDB72AA50036}.Release_Ubuntu|Any CPU.Deploy.0 = Release|Any CPU
		{8BFB14C5-9124-4B9A-AF65-EDB72AA50036}.Release_Ubuntu|ARM.ActiveCfg = Release|Any CPU
		{8BFB14C5-9124-4B9A-AF65-EDB72AA50036}.Release_Ubuntu|ARM.Build.0 = Release|Any CPU
		{8BFB14C5-9124-4B9A-AF65-EDB72AA50036}.Release_Ubuntu|ARM.Deploy.0 = Release|Any CPU
		{8BFB14C5-9124-4B9A-AF65-EDB72AA50036}.Release_Ubuntu|iPhone.ActiveCfg = Release|Any CPU
		{8BFB14C5-9124-4B9A-AF65-EDB72AA50036}.Release_Ubuntu|iPhone.Build.0 = Release|Any CPU
		{8BFB14C5-9124-4B9A-AF65-EDB72AA50036}.Release_Ubuntu|iPhone.Deploy.0 = Release|Any CPU
		{8BFB14C5-9124-4B9A-AF65-EDB72AA50036}.Release_Ubuntu|iPhoneSimulator.ActiveCfg = Release|Any CPU
		{8BFB14C5-9124-4B9A-AF65-EDB72AA50036}.Release_Ubuntu|iPhoneSimulator.Build.0 = Release|Any CPU
		{8BFB14C5-9124-4B9A-AF65-EDB72AA50036}.Release_Ubuntu|iPhoneSimulator.Deploy.0 = Release|Any CPU
		{8BFB14C5-9124-4B9A-AF65-EDB72AA50036}.Release_Ubuntu|x64.ActiveCfg = Release|Any CPU
		{8BFB14C5-9124-4B9A-AF65-EDB72AA50036}.Release_Ubuntu|x64.Build.0 = Release|Any CPU
		{8BFB14C5-9124-4B9A-AF65-EDB72AA50036}.Release_Ubuntu|x64.Deploy.0 = Release|Any CPU
		{8BFB14C5-9124-4B9A-AF65-EDB72AA50036}.Release_Ubuntu|x86.ActiveCfg = Release|Any CPU
		{8BFB14C5-9124-4B9A-AF65-EDB72AA50036}.Release_Ubuntu|x86.Build.0 = Release|Any CPU
		{8BFB14C5-9124-4B9A-AF65-EDB72AA50036}.Release_Ubuntu|x86.Deploy.0 = Release|Any CPU
		{8BFB14C5-9124-4B9A-AF65-EDB72AA50036}.Release|Any CPU.ActiveCfg = Release|Any CPU
		{8BFB14C5-9124-4B9A-AF65-EDB72AA50036}.Release|Any CPU.Build.0 = Release|Any CPU
		{8BFB14C5-9124-4B9A-AF65-EDB72AA50036}.Release|Any CPU.Deploy.0 = Release|Any CPU
		{8BFB14C5-9124-4B9A-AF65-EDB72AA50036}.Release|ARM.ActiveCfg = Release|Any CPU
		{8BFB14C5-9124-4B9A-AF65-EDB72AA50036}.Release|ARM.Build.0 = Release|Any CPU
		{8BFB14C5-9124-4B9A-AF65-EDB72AA50036}.Release|ARM.Deploy.0 = Release|Any CPU
		{8BFB14C5-9124-4B9A-AF65-EDB72AA50036}.Release|iPhone.ActiveCfg = Release|Any CPU
		{8BFB14C5-9124-4B9A-AF65-EDB72AA50036}.Release|iPhone.Build.0 = Release|Any CPU
		{8BFB14C5-9124-4B9A-AF65-EDB72AA50036}.Release|iPhone.Deploy.0 = Release|Any CPU
		{8BFB14C5-9124-4B9A-AF65-EDB72AA50036}.Release|iPhoneSimulator.ActiveCfg = Release|Any CPU
		{8BFB14C5-9124-4B9A-AF65-EDB72AA50036}.Release|iPhoneSimulator.Build.0 = Release|Any CPU
		{8BFB14C5-9124-4B9A-AF65-EDB72AA50036}.Release|iPhoneSimulator.Deploy.0 = Release|Any CPU
		{8BFB14C5-9124-4B9A-AF65-EDB72AA50036}.Release|x64.ActiveCfg = Release|Any CPU
		{8BFB14C5-9124-4B9A-AF65-EDB72AA50036}.Release|x64.Build.0 = Release|Any CPU
		{8BFB14C5-9124-4B9A-AF65-EDB72AA50036}.Release|x64.Deploy.0 = Release|Any CPU
		{8BFB14C5-9124-4B9A-AF65-EDB72AA50036}.Release|x86.ActiveCfg = Release|Any CPU
		{8BFB14C5-9124-4B9A-AF65-EDB72AA50036}.Release|x86.Build.0 = Release|Any CPU
		{8BFB14C5-9124-4B9A-AF65-EDB72AA50036}.Release|x86.Deploy.0 = Release|Any CPU
		{6F63E84B-60BA-4420-8C8D-B67F86D0A070}.Ad-Hoc|Any CPU.ActiveCfg = Ad-Hoc|iPhone
		{6F63E84B-60BA-4420-8C8D-B67F86D0A070}.Ad-Hoc|ARM.ActiveCfg = Ad-Hoc|iPhone
		{6F63E84B-60BA-4420-8C8D-B67F86D0A070}.Ad-Hoc|iPhone.ActiveCfg = Ad-Hoc|iPhone
		{6F63E84B-60BA-4420-8C8D-B67F86D0A070}.Ad-Hoc|iPhone.Build.0 = Ad-Hoc|iPhone
		{6F63E84B-60BA-4420-8C8D-B67F86D0A070}.Ad-Hoc|iPhoneSimulator.ActiveCfg = Ad-Hoc|iPhoneSimulator
		{6F63E84B-60BA-4420-8C8D-B67F86D0A070}.Ad-Hoc|iPhoneSimulator.Build.0 = Ad-Hoc|iPhoneSimulator
		{6F63E84B-60BA-4420-8C8D-B67F86D0A070}.Ad-Hoc|x64.ActiveCfg = Ad-Hoc|iPhone
		{6F63E84B-60BA-4420-8C8D-B67F86D0A070}.Ad-Hoc|x86.ActiveCfg = Ad-Hoc|iPhone
		{6F63E84B-60BA-4420-8C8D-B67F86D0A070}.AppStore|Any CPU.ActiveCfg = AppStore|iPhone
		{6F63E84B-60BA-4420-8C8D-B67F86D0A070}.AppStore|ARM.ActiveCfg = AppStore|iPhone
		{6F63E84B-60BA-4420-8C8D-B67F86D0A070}.AppStore|iPhone.ActiveCfg = AppStore|iPhone
		{6F63E84B-60BA-4420-8C8D-B67F86D0A070}.AppStore|iPhone.Build.0 = AppStore|iPhone
		{6F63E84B-60BA-4420-8C8D-B67F86D0A070}.AppStore|iPhoneSimulator.ActiveCfg = AppStore|iPhoneSimulator
		{6F63E84B-60BA-4420-8C8D-B67F86D0A070}.AppStore|iPhoneSimulator.Build.0 = AppStore|iPhoneSimulator
		{6F63E84B-60BA-4420-8C8D-B67F86D0A070}.AppStore|x64.ActiveCfg = AppStore|iPhone
		{6F63E84B-60BA-4420-8C8D-B67F86D0A070}.AppStore|x86.ActiveCfg = AppStore|iPhone
		{6F63E84B-60BA-4420-8C8D-B67F86D0A070}.Debug_Ubuntu|Any CPU.ActiveCfg = AppStore|iPhone
		{6F63E84B-60BA-4420-8C8D-B67F86D0A070}.Debug_Ubuntu|Any CPU.Build.0 = AppStore|iPhone
		{6F63E84B-60BA-4420-8C8D-B67F86D0A070}.Debug_Ubuntu|ARM.ActiveCfg = AppStore|iPhone
		{6F63E84B-60BA-4420-8C8D-B67F86D0A070}.Debug_Ubuntu|ARM.Build.0 = AppStore|iPhone
		{6F63E84B-60BA-4420-8C8D-B67F86D0A070}.Debug_Ubuntu|iPhone.ActiveCfg = Debug|iPhone
		{6F63E84B-60BA-4420-8C8D-B67F86D0A070}.Debug_Ubuntu|iPhone.Build.0 = Debug|iPhone
		{6F63E84B-60BA-4420-8C8D-B67F86D0A070}.Debug_Ubuntu|iPhoneSimulator.ActiveCfg = Debug|iPhoneSimulator
		{6F63E84B-60BA-4420-8C8D-B67F86D0A070}.Debug_Ubuntu|iPhoneSimulator.Build.0 = Debug|iPhoneSimulator
		{6F63E84B-60BA-4420-8C8D-B67F86D0A070}.Debug_Ubuntu|x64.ActiveCfg = AppStore|iPhone
		{6F63E84B-60BA-4420-8C8D-B67F86D0A070}.Debug_Ubuntu|x64.Build.0 = AppStore|iPhone
		{6F63E84B-60BA-4420-8C8D-B67F86D0A070}.Debug_Ubuntu|x86.ActiveCfg = AppStore|iPhone
		{6F63E84B-60BA-4420-8C8D-B67F86D0A070}.Debug_Ubuntu|x86.Build.0 = AppStore|iPhone
		{6F63E84B-60BA-4420-8C8D-B67F86D0A070}.Debug|Any CPU.ActiveCfg = Debug|iPhone
		{6F63E84B-60BA-4420-8C8D-B67F86D0A070}.Debug|ARM.ActiveCfg = Debug|iPhone
		{6F63E84B-60BA-4420-8C8D-B67F86D0A070}.Debug|iPhone.ActiveCfg = Debug|iPhone
		{6F63E84B-60BA-4420-8C8D-B67F86D0A070}.Debug|iPhone.Build.0 = Debug|iPhone
		{6F63E84B-60BA-4420-8C8D-B67F86D0A070}.Debug|iPhoneSimulator.ActiveCfg = Debug|iPhoneSimulator
		{6F63E84B-60BA-4420-8C8D-B67F86D0A070}.Debug|iPhoneSimulator.Build.0 = Debug|iPhoneSimulator
		{6F63E84B-60BA-4420-8C8D-B67F86D0A070}.Debug|x64.ActiveCfg = Debug|iPhone
		{6F63E84B-60BA-4420-8C8D-B67F86D0A070}.Debug|x86.ActiveCfg = Debug|iPhone
		{6F63E84B-60BA-4420-8C8D-B67F86D0A070}.Release_Ubuntu|Any CPU.ActiveCfg = AppStore|iPhone
		{6F63E84B-60BA-4420-8C8D-B67F86D0A070}.Release_Ubuntu|Any CPU.Build.0 = AppStore|iPhone
		{6F63E84B-60BA-4420-8C8D-B67F86D0A070}.Release_Ubuntu|ARM.ActiveCfg = AppStore|iPhone
		{6F63E84B-60BA-4420-8C8D-B67F86D0A070}.Release_Ubuntu|ARM.Build.0 = AppStore|iPhone
		{6F63E84B-60BA-4420-8C8D-B67F86D0A070}.Release_Ubuntu|iPhone.ActiveCfg = Release|iPhone
		{6F63E84B-60BA-4420-8C8D-B67F86D0A070}.Release_Ubuntu|iPhone.Build.0 = Release|iPhone
		{6F63E84B-60BA-4420-8C8D-B67F86D0A070}.Release_Ubuntu|iPhoneSimulator.ActiveCfg = Release|iPhoneSimulator
		{6F63E84B-60BA-4420-8C8D-B67F86D0A070}.Release_Ubuntu|iPhoneSimulator.Build.0 = Release|iPhoneSimulator
		{6F63E84B-60BA-4420-8C8D-B67F86D0A070}.Release_Ubuntu|x64.ActiveCfg = AppStore|iPhone
		{6F63E84B-60BA-4420-8C8D-B67F86D0A070}.Release_Ubuntu|x64.Build.0 = AppStore|iPhone
		{6F63E84B-60BA-4420-8C8D-B67F86D0A070}.Release_Ubuntu|x86.ActiveCfg = AppStore|iPhone
		{6F63E84B-60BA-4420-8C8D-B67F86D0A070}.Release_Ubuntu|x86.Build.0 = AppStore|iPhone
		{6F63E84B-60BA-4420-8C8D-B67F86D0A070}.Release|Any CPU.ActiveCfg = Release|iPhone
		{6F63E84B-60BA-4420-8C8D-B67F86D0A070}.Release|ARM.ActiveCfg = Release|iPhone
		{6F63E84B-60BA-4420-8C8D-B67F86D0A070}.Release|iPhone.ActiveCfg = Release|iPhone
		{6F63E84B-60BA-4420-8C8D-B67F86D0A070}.Release|iPhone.Build.0 = Release|iPhone
		{6F63E84B-60BA-4420-8C8D-B67F86D0A070}.Release|iPhoneSimulator.ActiveCfg = Release|iPhoneSimulator
		{6F63E84B-60BA-4420-8C8D-B67F86D0A070}.Release|iPhoneSimulator.Build.0 = Release|iPhoneSimulator
		{6F63E84B-60BA-4420-8C8D-B67F86D0A070}.Release|x64.ActiveCfg = Release|iPhone
		{6F63E84B-60BA-4420-8C8D-B67F86D0A070}.Release|x86.ActiveCfg = Release|iPhone
<<<<<<< HEAD
=======
		{43F4E597-EB64-4B1F-AC95-979CEAF65615}.Ad-Hoc|Any CPU.ActiveCfg = Release|Any CPU
		{43F4E597-EB64-4B1F-AC95-979CEAF65615}.Ad-Hoc|Any CPU.Build.0 = Release|Any CPU
		{43F4E597-EB64-4B1F-AC95-979CEAF65615}.Ad-Hoc|Any CPU.Deploy.0 = Release|Any CPU
		{43F4E597-EB64-4B1F-AC95-979CEAF65615}.Ad-Hoc|ARM.ActiveCfg = Release|ARM
		{43F4E597-EB64-4B1F-AC95-979CEAF65615}.Ad-Hoc|ARM.Build.0 = Release|ARM
		{43F4E597-EB64-4B1F-AC95-979CEAF65615}.Ad-Hoc|ARM.Deploy.0 = Release|ARM
		{43F4E597-EB64-4B1F-AC95-979CEAF65615}.Ad-Hoc|iPhone.ActiveCfg = Release|Any CPU
		{43F4E597-EB64-4B1F-AC95-979CEAF65615}.Ad-Hoc|iPhone.Build.0 = Release|Any CPU
		{43F4E597-EB64-4B1F-AC95-979CEAF65615}.Ad-Hoc|iPhone.Deploy.0 = Release|Any CPU
		{43F4E597-EB64-4B1F-AC95-979CEAF65615}.Ad-Hoc|iPhoneSimulator.ActiveCfg = Release|Any CPU
		{43F4E597-EB64-4B1F-AC95-979CEAF65615}.Ad-Hoc|iPhoneSimulator.Build.0 = Release|Any CPU
		{43F4E597-EB64-4B1F-AC95-979CEAF65615}.Ad-Hoc|iPhoneSimulator.Deploy.0 = Release|Any CPU
		{43F4E597-EB64-4B1F-AC95-979CEAF65615}.Ad-Hoc|x64.ActiveCfg = Release|x64
		{43F4E597-EB64-4B1F-AC95-979CEAF65615}.Ad-Hoc|x64.Build.0 = Release|x64
		{43F4E597-EB64-4B1F-AC95-979CEAF65615}.Ad-Hoc|x64.Deploy.0 = Release|x64
		{43F4E597-EB64-4B1F-AC95-979CEAF65615}.Ad-Hoc|x86.ActiveCfg = Release|x86
		{43F4E597-EB64-4B1F-AC95-979CEAF65615}.Ad-Hoc|x86.Build.0 = Release|x86
		{43F4E597-EB64-4B1F-AC95-979CEAF65615}.Ad-Hoc|x86.Deploy.0 = Release|x86
		{43F4E597-EB64-4B1F-AC95-979CEAF65615}.AppStore|Any CPU.ActiveCfg = Release|Any CPU
		{43F4E597-EB64-4B1F-AC95-979CEAF65615}.AppStore|Any CPU.Build.0 = Release|Any CPU
		{43F4E597-EB64-4B1F-AC95-979CEAF65615}.AppStore|Any CPU.Deploy.0 = Release|Any CPU
		{43F4E597-EB64-4B1F-AC95-979CEAF65615}.AppStore|ARM.ActiveCfg = Release|ARM
		{43F4E597-EB64-4B1F-AC95-979CEAF65615}.AppStore|ARM.Build.0 = Release|ARM
		{43F4E597-EB64-4B1F-AC95-979CEAF65615}.AppStore|ARM.Deploy.0 = Release|ARM
		{43F4E597-EB64-4B1F-AC95-979CEAF65615}.AppStore|iPhone.ActiveCfg = Release|Any CPU
		{43F4E597-EB64-4B1F-AC95-979CEAF65615}.AppStore|iPhone.Build.0 = Release|Any CPU
		{43F4E597-EB64-4B1F-AC95-979CEAF65615}.AppStore|iPhone.Deploy.0 = Release|Any CPU
		{43F4E597-EB64-4B1F-AC95-979CEAF65615}.AppStore|iPhoneSimulator.ActiveCfg = Release|Any CPU
		{43F4E597-EB64-4B1F-AC95-979CEAF65615}.AppStore|iPhoneSimulator.Build.0 = Release|Any CPU
		{43F4E597-EB64-4B1F-AC95-979CEAF65615}.AppStore|iPhoneSimulator.Deploy.0 = Release|Any CPU
		{43F4E597-EB64-4B1F-AC95-979CEAF65615}.AppStore|x64.ActiveCfg = Release|x64
		{43F4E597-EB64-4B1F-AC95-979CEAF65615}.AppStore|x64.Build.0 = Release|x64
		{43F4E597-EB64-4B1F-AC95-979CEAF65615}.AppStore|x64.Deploy.0 = Release|x64
		{43F4E597-EB64-4B1F-AC95-979CEAF65615}.AppStore|x86.ActiveCfg = Release|x86
		{43F4E597-EB64-4B1F-AC95-979CEAF65615}.AppStore|x86.Build.0 = Release|x86
		{43F4E597-EB64-4B1F-AC95-979CEAF65615}.AppStore|x86.Deploy.0 = Release|x86
		{43F4E597-EB64-4B1F-AC95-979CEAF65615}.Debug_Ubuntu|Any CPU.ActiveCfg = Debug|Any CPU
		{43F4E597-EB64-4B1F-AC95-979CEAF65615}.Debug_Ubuntu|Any CPU.Build.0 = Debug|Any CPU
		{43F4E597-EB64-4B1F-AC95-979CEAF65615}.Debug_Ubuntu|Any CPU.Deploy.0 = Debug|Any CPU
		{43F4E597-EB64-4B1F-AC95-979CEAF65615}.Debug_Ubuntu|ARM.ActiveCfg = Debug|ARM
		{43F4E597-EB64-4B1F-AC95-979CEAF65615}.Debug_Ubuntu|ARM.Build.0 = Debug|ARM
		{43F4E597-EB64-4B1F-AC95-979CEAF65615}.Debug_Ubuntu|ARM.Deploy.0 = Debug|ARM
		{43F4E597-EB64-4B1F-AC95-979CEAF65615}.Debug_Ubuntu|iPhone.ActiveCfg = Debug|Any CPU
		{43F4E597-EB64-4B1F-AC95-979CEAF65615}.Debug_Ubuntu|iPhone.Build.0 = Debug|Any CPU
		{43F4E597-EB64-4B1F-AC95-979CEAF65615}.Debug_Ubuntu|iPhone.Deploy.0 = Debug|Any CPU
		{43F4E597-EB64-4B1F-AC95-979CEAF65615}.Debug_Ubuntu|iPhoneSimulator.ActiveCfg = Debug|Any CPU
		{43F4E597-EB64-4B1F-AC95-979CEAF65615}.Debug_Ubuntu|iPhoneSimulator.Build.0 = Debug|Any CPU
		{43F4E597-EB64-4B1F-AC95-979CEAF65615}.Debug_Ubuntu|iPhoneSimulator.Deploy.0 = Debug|Any CPU
		{43F4E597-EB64-4B1F-AC95-979CEAF65615}.Debug_Ubuntu|x64.ActiveCfg = Debug|x64
		{43F4E597-EB64-4B1F-AC95-979CEAF65615}.Debug_Ubuntu|x64.Build.0 = Debug|x64
		{43F4E597-EB64-4B1F-AC95-979CEAF65615}.Debug_Ubuntu|x64.Deploy.0 = Debug|x64
		{43F4E597-EB64-4B1F-AC95-979CEAF65615}.Debug_Ubuntu|x86.ActiveCfg = Debug|x86
		{43F4E597-EB64-4B1F-AC95-979CEAF65615}.Debug_Ubuntu|x86.Build.0 = Debug|x86
		{43F4E597-EB64-4B1F-AC95-979CEAF65615}.Debug_Ubuntu|x86.Deploy.0 = Debug|x86
		{43F4E597-EB64-4B1F-AC95-979CEAF65615}.Debug|Any CPU.ActiveCfg = Debug|Any CPU
		{43F4E597-EB64-4B1F-AC95-979CEAF65615}.Debug|Any CPU.Build.0 = Debug|Any CPU
		{43F4E597-EB64-4B1F-AC95-979CEAF65615}.Debug|Any CPU.Deploy.0 = Debug|Any CPU
		{43F4E597-EB64-4B1F-AC95-979CEAF65615}.Debug|ARM.ActiveCfg = Debug|ARM
		{43F4E597-EB64-4B1F-AC95-979CEAF65615}.Debug|ARM.Build.0 = Debug|ARM
		{43F4E597-EB64-4B1F-AC95-979CEAF65615}.Debug|ARM.Deploy.0 = Debug|ARM
		{43F4E597-EB64-4B1F-AC95-979CEAF65615}.Debug|iPhone.ActiveCfg = Debug|Any CPU
		{43F4E597-EB64-4B1F-AC95-979CEAF65615}.Debug|iPhone.Build.0 = Debug|Any CPU
		{43F4E597-EB64-4B1F-AC95-979CEAF65615}.Debug|iPhone.Deploy.0 = Debug|Any CPU
		{43F4E597-EB64-4B1F-AC95-979CEAF65615}.Debug|iPhoneSimulator.ActiveCfg = Debug|Any CPU
		{43F4E597-EB64-4B1F-AC95-979CEAF65615}.Debug|iPhoneSimulator.Build.0 = Debug|Any CPU
		{43F4E597-EB64-4B1F-AC95-979CEAF65615}.Debug|iPhoneSimulator.Deploy.0 = Debug|Any CPU
		{43F4E597-EB64-4B1F-AC95-979CEAF65615}.Debug|x64.ActiveCfg = Debug|x64
		{43F4E597-EB64-4B1F-AC95-979CEAF65615}.Debug|x64.Build.0 = Debug|x64
		{43F4E597-EB64-4B1F-AC95-979CEAF65615}.Debug|x64.Deploy.0 = Debug|x64
		{43F4E597-EB64-4B1F-AC95-979CEAF65615}.Debug|x86.ActiveCfg = Debug|x86
		{43F4E597-EB64-4B1F-AC95-979CEAF65615}.Debug|x86.Build.0 = Debug|x86
		{43F4E597-EB64-4B1F-AC95-979CEAF65615}.Debug|x86.Deploy.0 = Debug|x86
		{43F4E597-EB64-4B1F-AC95-979CEAF65615}.Release_Ubuntu|Any CPU.ActiveCfg = Release|Any CPU
		{43F4E597-EB64-4B1F-AC95-979CEAF65615}.Release_Ubuntu|Any CPU.Build.0 = Release|Any CPU
		{43F4E597-EB64-4B1F-AC95-979CEAF65615}.Release_Ubuntu|Any CPU.Deploy.0 = Release|Any CPU
		{43F4E597-EB64-4B1F-AC95-979CEAF65615}.Release_Ubuntu|ARM.ActiveCfg = Release|ARM
		{43F4E597-EB64-4B1F-AC95-979CEAF65615}.Release_Ubuntu|ARM.Build.0 = Release|ARM
		{43F4E597-EB64-4B1F-AC95-979CEAF65615}.Release_Ubuntu|ARM.Deploy.0 = Release|ARM
		{43F4E597-EB64-4B1F-AC95-979CEAF65615}.Release_Ubuntu|iPhone.ActiveCfg = Release|Any CPU
		{43F4E597-EB64-4B1F-AC95-979CEAF65615}.Release_Ubuntu|iPhone.Build.0 = Release|Any CPU
		{43F4E597-EB64-4B1F-AC95-979CEAF65615}.Release_Ubuntu|iPhone.Deploy.0 = Release|Any CPU
		{43F4E597-EB64-4B1F-AC95-979CEAF65615}.Release_Ubuntu|iPhoneSimulator.ActiveCfg = Release|Any CPU
		{43F4E597-EB64-4B1F-AC95-979CEAF65615}.Release_Ubuntu|iPhoneSimulator.Build.0 = Release|Any CPU
		{43F4E597-EB64-4B1F-AC95-979CEAF65615}.Release_Ubuntu|iPhoneSimulator.Deploy.0 = Release|Any CPU
		{43F4E597-EB64-4B1F-AC95-979CEAF65615}.Release_Ubuntu|x64.ActiveCfg = Release|x64
		{43F4E597-EB64-4B1F-AC95-979CEAF65615}.Release_Ubuntu|x64.Build.0 = Release|x64
		{43F4E597-EB64-4B1F-AC95-979CEAF65615}.Release_Ubuntu|x64.Deploy.0 = Release|x64
		{43F4E597-EB64-4B1F-AC95-979CEAF65615}.Release_Ubuntu|x86.ActiveCfg = Release|x86
		{43F4E597-EB64-4B1F-AC95-979CEAF65615}.Release_Ubuntu|x86.Build.0 = Release|x86
		{43F4E597-EB64-4B1F-AC95-979CEAF65615}.Release_Ubuntu|x86.Deploy.0 = Release|x86
		{43F4E597-EB64-4B1F-AC95-979CEAF65615}.Release|Any CPU.ActiveCfg = Release|Any CPU
		{43F4E597-EB64-4B1F-AC95-979CEAF65615}.Release|Any CPU.Build.0 = Release|Any CPU
		{43F4E597-EB64-4B1F-AC95-979CEAF65615}.Release|Any CPU.Deploy.0 = Release|Any CPU
		{43F4E597-EB64-4B1F-AC95-979CEAF65615}.Release|ARM.ActiveCfg = Release|ARM
		{43F4E597-EB64-4B1F-AC95-979CEAF65615}.Release|ARM.Build.0 = Release|ARM
		{43F4E597-EB64-4B1F-AC95-979CEAF65615}.Release|ARM.Deploy.0 = Release|ARM
		{43F4E597-EB64-4B1F-AC95-979CEAF65615}.Release|iPhone.ActiveCfg = Release|Any CPU
		{43F4E597-EB64-4B1F-AC95-979CEAF65615}.Release|iPhone.Build.0 = Release|Any CPU
		{43F4E597-EB64-4B1F-AC95-979CEAF65615}.Release|iPhone.Deploy.0 = Release|Any CPU
		{43F4E597-EB64-4B1F-AC95-979CEAF65615}.Release|iPhoneSimulator.ActiveCfg = Release|Any CPU
		{43F4E597-EB64-4B1F-AC95-979CEAF65615}.Release|iPhoneSimulator.Build.0 = Release|Any CPU
		{43F4E597-EB64-4B1F-AC95-979CEAF65615}.Release|iPhoneSimulator.Deploy.0 = Release|Any CPU
		{43F4E597-EB64-4B1F-AC95-979CEAF65615}.Release|x64.ActiveCfg = Release|x64
		{43F4E597-EB64-4B1F-AC95-979CEAF65615}.Release|x64.Build.0 = Release|x64
		{43F4E597-EB64-4B1F-AC95-979CEAF65615}.Release|x64.Deploy.0 = Release|x64
		{43F4E597-EB64-4B1F-AC95-979CEAF65615}.Release|x86.ActiveCfg = Release|x86
		{43F4E597-EB64-4B1F-AC95-979CEAF65615}.Release|x86.Build.0 = Release|x86
		{43F4E597-EB64-4B1F-AC95-979CEAF65615}.Release|x86.Deploy.0 = Release|x86
>>>>>>> be3cb1bffaa97bbe3b88e3f6680dcbd088dac168
		{EA79960F-7856-4EEC-8DE3-630AFC693B32}.Ad-Hoc|Any CPU.ActiveCfg = Release|Any CPU
		{EA79960F-7856-4EEC-8DE3-630AFC693B32}.Ad-Hoc|Any CPU.Build.0 = Release|Any CPU
		{EA79960F-7856-4EEC-8DE3-630AFC693B32}.Ad-Hoc|ARM.ActiveCfg = Release|Any CPU
		{EA79960F-7856-4EEC-8DE3-630AFC693B32}.Ad-Hoc|ARM.Build.0 = Release|Any CPU
		{EA79960F-7856-4EEC-8DE3-630AFC693B32}.Ad-Hoc|iPhone.ActiveCfg = Release|Any CPU
		{EA79960F-7856-4EEC-8DE3-630AFC693B32}.Ad-Hoc|iPhone.Build.0 = Release|Any CPU
		{EA79960F-7856-4EEC-8DE3-630AFC693B32}.Ad-Hoc|iPhoneSimulator.ActiveCfg = Release|Any CPU
		{EA79960F-7856-4EEC-8DE3-630AFC693B32}.Ad-Hoc|iPhoneSimulator.Build.0 = Release|Any CPU
		{EA79960F-7856-4EEC-8DE3-630AFC693B32}.Ad-Hoc|x64.ActiveCfg = Release|Any CPU
		{EA79960F-7856-4EEC-8DE3-630AFC693B32}.Ad-Hoc|x64.Build.0 = Release|Any CPU
		{EA79960F-7856-4EEC-8DE3-630AFC693B32}.Ad-Hoc|x86.ActiveCfg = Release|Any CPU
		{EA79960F-7856-4EEC-8DE3-630AFC693B32}.Ad-Hoc|x86.Build.0 = Release|Any CPU
		{EA79960F-7856-4EEC-8DE3-630AFC693B32}.AppStore|Any CPU.ActiveCfg = Release|Any CPU
		{EA79960F-7856-4EEC-8DE3-630AFC693B32}.AppStore|Any CPU.Build.0 = Release|Any CPU
		{EA79960F-7856-4EEC-8DE3-630AFC693B32}.AppStore|ARM.ActiveCfg = Release|Any CPU
		{EA79960F-7856-4EEC-8DE3-630AFC693B32}.AppStore|ARM.Build.0 = Release|Any CPU
		{EA79960F-7856-4EEC-8DE3-630AFC693B32}.AppStore|iPhone.ActiveCfg = Release|Any CPU
		{EA79960F-7856-4EEC-8DE3-630AFC693B32}.AppStore|iPhone.Build.0 = Release|Any CPU
		{EA79960F-7856-4EEC-8DE3-630AFC693B32}.AppStore|iPhoneSimulator.ActiveCfg = Release|Any CPU
		{EA79960F-7856-4EEC-8DE3-630AFC693B32}.AppStore|iPhoneSimulator.Build.0 = Release|Any CPU
		{EA79960F-7856-4EEC-8DE3-630AFC693B32}.AppStore|x64.ActiveCfg = Release|Any CPU
		{EA79960F-7856-4EEC-8DE3-630AFC693B32}.AppStore|x64.Build.0 = Release|Any CPU
		{EA79960F-7856-4EEC-8DE3-630AFC693B32}.AppStore|x86.ActiveCfg = Release|Any CPU
		{EA79960F-7856-4EEC-8DE3-630AFC693B32}.AppStore|x86.Build.0 = Release|Any CPU
		{EA79960F-7856-4EEC-8DE3-630AFC693B32}.Debug_Ubuntu|Any CPU.ActiveCfg = Debug|Any CPU
		{EA79960F-7856-4EEC-8DE3-630AFC693B32}.Debug_Ubuntu|Any CPU.Build.0 = Debug|Any CPU
		{EA79960F-7856-4EEC-8DE3-630AFC693B32}.Debug_Ubuntu|ARM.ActiveCfg = Debug|Any CPU
		{EA79960F-7856-4EEC-8DE3-630AFC693B32}.Debug_Ubuntu|ARM.Build.0 = Debug|Any CPU
		{EA79960F-7856-4EEC-8DE3-630AFC693B32}.Debug_Ubuntu|iPhone.ActiveCfg = Debug|Any CPU
		{EA79960F-7856-4EEC-8DE3-630AFC693B32}.Debug_Ubuntu|iPhone.Build.0 = Debug|Any CPU
		{EA79960F-7856-4EEC-8DE3-630AFC693B32}.Debug_Ubuntu|iPhoneSimulator.ActiveCfg = Debug|Any CPU
		{EA79960F-7856-4EEC-8DE3-630AFC693B32}.Debug_Ubuntu|iPhoneSimulator.Build.0 = Debug|Any CPU
		{EA79960F-7856-4EEC-8DE3-630AFC693B32}.Debug_Ubuntu|x64.ActiveCfg = Debug|Any CPU
		{EA79960F-7856-4EEC-8DE3-630AFC693B32}.Debug_Ubuntu|x64.Build.0 = Debug|Any CPU
		{EA79960F-7856-4EEC-8DE3-630AFC693B32}.Debug_Ubuntu|x86.ActiveCfg = Debug|Any CPU
		{EA79960F-7856-4EEC-8DE3-630AFC693B32}.Debug_Ubuntu|x86.Build.0 = Debug|Any CPU
		{EA79960F-7856-4EEC-8DE3-630AFC693B32}.Debug|Any CPU.ActiveCfg = Debug|Any CPU
		{EA79960F-7856-4EEC-8DE3-630AFC693B32}.Debug|Any CPU.Build.0 = Debug|Any CPU
		{EA79960F-7856-4EEC-8DE3-630AFC693B32}.Debug|ARM.ActiveCfg = Debug|Any CPU
		{EA79960F-7856-4EEC-8DE3-630AFC693B32}.Debug|ARM.Build.0 = Debug|Any CPU
		{EA79960F-7856-4EEC-8DE3-630AFC693B32}.Debug|iPhone.ActiveCfg = Debug|Any CPU
		{EA79960F-7856-4EEC-8DE3-630AFC693B32}.Debug|iPhone.Build.0 = Debug|Any CPU
		{EA79960F-7856-4EEC-8DE3-630AFC693B32}.Debug|iPhoneSimulator.ActiveCfg = Debug|Any CPU
		{EA79960F-7856-4EEC-8DE3-630AFC693B32}.Debug|iPhoneSimulator.Build.0 = Debug|Any CPU
		{EA79960F-7856-4EEC-8DE3-630AFC693B32}.Debug|x64.ActiveCfg = Debug|Any CPU
		{EA79960F-7856-4EEC-8DE3-630AFC693B32}.Debug|x64.Build.0 = Debug|Any CPU
		{EA79960F-7856-4EEC-8DE3-630AFC693B32}.Debug|x86.ActiveCfg = Debug|Any CPU
		{EA79960F-7856-4EEC-8DE3-630AFC693B32}.Debug|x86.Build.0 = Debug|Any CPU
		{EA79960F-7856-4EEC-8DE3-630AFC693B32}.Release_Ubuntu|Any CPU.ActiveCfg = Release|Any CPU
		{EA79960F-7856-4EEC-8DE3-630AFC693B32}.Release_Ubuntu|Any CPU.Build.0 = Release|Any CPU
		{EA79960F-7856-4EEC-8DE3-630AFC693B32}.Release_Ubuntu|ARM.ActiveCfg = Release|Any CPU
		{EA79960F-7856-4EEC-8DE3-630AFC693B32}.Release_Ubuntu|ARM.Build.0 = Release|Any CPU
		{EA79960F-7856-4EEC-8DE3-630AFC693B32}.Release_Ubuntu|iPhone.ActiveCfg = Release|Any CPU
		{EA79960F-7856-4EEC-8DE3-630AFC693B32}.Release_Ubuntu|iPhone.Build.0 = Release|Any CPU
		{EA79960F-7856-4EEC-8DE3-630AFC693B32}.Release_Ubuntu|iPhoneSimulator.ActiveCfg = Release|Any CPU
		{EA79960F-7856-4EEC-8DE3-630AFC693B32}.Release_Ubuntu|iPhoneSimulator.Build.0 = Release|Any CPU
		{EA79960F-7856-4EEC-8DE3-630AFC693B32}.Release_Ubuntu|x64.ActiveCfg = Release|Any CPU
		{EA79960F-7856-4EEC-8DE3-630AFC693B32}.Release_Ubuntu|x64.Build.0 = Release|Any CPU
		{EA79960F-7856-4EEC-8DE3-630AFC693B32}.Release_Ubuntu|x86.ActiveCfg = Release|Any CPU
		{EA79960F-7856-4EEC-8DE3-630AFC693B32}.Release_Ubuntu|x86.Build.0 = Release|Any CPU
		{EA79960F-7856-4EEC-8DE3-630AFC693B32}.Release|Any CPU.ActiveCfg = Release|Any CPU
		{EA79960F-7856-4EEC-8DE3-630AFC693B32}.Release|Any CPU.Build.0 = Release|Any CPU
		{EA79960F-7856-4EEC-8DE3-630AFC693B32}.Release|ARM.ActiveCfg = Release|Any CPU
		{EA79960F-7856-4EEC-8DE3-630AFC693B32}.Release|ARM.Build.0 = Release|Any CPU
		{EA79960F-7856-4EEC-8DE3-630AFC693B32}.Release|iPhone.ActiveCfg = Release|Any CPU
		{EA79960F-7856-4EEC-8DE3-630AFC693B32}.Release|iPhone.Build.0 = Release|Any CPU
		{EA79960F-7856-4EEC-8DE3-630AFC693B32}.Release|iPhoneSimulator.ActiveCfg = Release|Any CPU
		{EA79960F-7856-4EEC-8DE3-630AFC693B32}.Release|iPhoneSimulator.Build.0 = Release|Any CPU
		{EA79960F-7856-4EEC-8DE3-630AFC693B32}.Release|x64.ActiveCfg = Release|Any CPU
		{EA79960F-7856-4EEC-8DE3-630AFC693B32}.Release|x64.Build.0 = Release|Any CPU
		{EA79960F-7856-4EEC-8DE3-630AFC693B32}.Release|x86.ActiveCfg = Release|Any CPU
		{EA79960F-7856-4EEC-8DE3-630AFC693B32}.Release|x86.Build.0 = Release|Any CPU
		{52581F94-330B-4212-9D57-0184C36B6CD1}.Ad-Hoc|Any CPU.ActiveCfg = Debug|Any CPU
		{52581F94-330B-4212-9D57-0184C36B6CD1}.Ad-Hoc|Any CPU.Build.0 = Debug|Any CPU
		{52581F94-330B-4212-9D57-0184C36B6CD1}.Ad-Hoc|ARM.ActiveCfg = Debug|Any CPU
		{52581F94-330B-4212-9D57-0184C36B6CD1}.Ad-Hoc|ARM.Build.0 = Debug|Any CPU
		{52581F94-330B-4212-9D57-0184C36B6CD1}.Ad-Hoc|iPhone.ActiveCfg = Debug|Any CPU
		{52581F94-330B-4212-9D57-0184C36B6CD1}.Ad-Hoc|iPhone.Build.0 = Debug|Any CPU
		{52581F94-330B-4212-9D57-0184C36B6CD1}.Ad-Hoc|iPhoneSimulator.ActiveCfg = Debug|Any CPU
		{52581F94-330B-4212-9D57-0184C36B6CD1}.Ad-Hoc|iPhoneSimulator.Build.0 = Debug|Any CPU
		{52581F94-330B-4212-9D57-0184C36B6CD1}.Ad-Hoc|x64.ActiveCfg = Debug|Any CPU
		{52581F94-330B-4212-9D57-0184C36B6CD1}.Ad-Hoc|x64.Build.0 = Debug|Any CPU
		{52581F94-330B-4212-9D57-0184C36B6CD1}.Ad-Hoc|x86.ActiveCfg = Debug|Any CPU
		{52581F94-330B-4212-9D57-0184C36B6CD1}.Ad-Hoc|x86.Build.0 = Debug|Any CPU
		{52581F94-330B-4212-9D57-0184C36B6CD1}.AppStore|Any CPU.ActiveCfg = Debug|Any CPU
		{52581F94-330B-4212-9D57-0184C36B6CD1}.AppStore|Any CPU.Build.0 = Debug|Any CPU
		{52581F94-330B-4212-9D57-0184C36B6CD1}.AppStore|ARM.ActiveCfg = Debug|Any CPU
		{52581F94-330B-4212-9D57-0184C36B6CD1}.AppStore|ARM.Build.0 = Debug|Any CPU
		{52581F94-330B-4212-9D57-0184C36B6CD1}.AppStore|iPhone.ActiveCfg = Debug|Any CPU
		{52581F94-330B-4212-9D57-0184C36B6CD1}.AppStore|iPhone.Build.0 = Debug|Any CPU
		{52581F94-330B-4212-9D57-0184C36B6CD1}.AppStore|iPhoneSimulator.ActiveCfg = Debug|Any CPU
		{52581F94-330B-4212-9D57-0184C36B6CD1}.AppStore|iPhoneSimulator.Build.0 = Debug|Any CPU
		{52581F94-330B-4212-9D57-0184C36B6CD1}.AppStore|x64.ActiveCfg = Debug|Any CPU
		{52581F94-330B-4212-9D57-0184C36B6CD1}.AppStore|x64.Build.0 = Debug|Any CPU
		{52581F94-330B-4212-9D57-0184C36B6CD1}.AppStore|x86.ActiveCfg = Debug|Any CPU
		{52581F94-330B-4212-9D57-0184C36B6CD1}.AppStore|x86.Build.0 = Debug|Any CPU
		{52581F94-330B-4212-9D57-0184C36B6CD1}.Debug_Ubuntu|Any CPU.ActiveCfg = Debug|Any CPU
		{52581F94-330B-4212-9D57-0184C36B6CD1}.Debug_Ubuntu|Any CPU.Build.0 = Debug|Any CPU
		{52581F94-330B-4212-9D57-0184C36B6CD1}.Debug_Ubuntu|ARM.ActiveCfg = Debug|Any CPU
		{52581F94-330B-4212-9D57-0184C36B6CD1}.Debug_Ubuntu|ARM.Build.0 = Debug|Any CPU
		{52581F94-330B-4212-9D57-0184C36B6CD1}.Debug_Ubuntu|iPhone.ActiveCfg = Debug|Any CPU
		{52581F94-330B-4212-9D57-0184C36B6CD1}.Debug_Ubuntu|iPhone.Build.0 = Debug|Any CPU
		{52581F94-330B-4212-9D57-0184C36B6CD1}.Debug_Ubuntu|iPhoneSimulator.ActiveCfg = Debug|Any CPU
		{52581F94-330B-4212-9D57-0184C36B6CD1}.Debug_Ubuntu|iPhoneSimulator.Build.0 = Debug|Any CPU
		{52581F94-330B-4212-9D57-0184C36B6CD1}.Debug_Ubuntu|x64.ActiveCfg = Debug|Any CPU
		{52581F94-330B-4212-9D57-0184C36B6CD1}.Debug_Ubuntu|x64.Build.0 = Debug|Any CPU
		{52581F94-330B-4212-9D57-0184C36B6CD1}.Debug_Ubuntu|x86.ActiveCfg = Debug|Any CPU
		{52581F94-330B-4212-9D57-0184C36B6CD1}.Debug_Ubuntu|x86.Build.0 = Debug|Any CPU
		{52581F94-330B-4212-9D57-0184C36B6CD1}.Debug|Any CPU.ActiveCfg = Debug|Any CPU
		{52581F94-330B-4212-9D57-0184C36B6CD1}.Debug|Any CPU.Build.0 = Debug|Any CPU
		{52581F94-330B-4212-9D57-0184C36B6CD1}.Debug|ARM.ActiveCfg = Debug|Any CPU
		{52581F94-330B-4212-9D57-0184C36B6CD1}.Debug|ARM.Build.0 = Debug|Any CPU
		{52581F94-330B-4212-9D57-0184C36B6CD1}.Debug|iPhone.ActiveCfg = Debug|Any CPU
		{52581F94-330B-4212-9D57-0184C36B6CD1}.Debug|iPhone.Build.0 = Debug|Any CPU
		{52581F94-330B-4212-9D57-0184C36B6CD1}.Debug|iPhoneSimulator.ActiveCfg = Debug|Any CPU
		{52581F94-330B-4212-9D57-0184C36B6CD1}.Debug|iPhoneSimulator.Build.0 = Debug|Any CPU
		{52581F94-330B-4212-9D57-0184C36B6CD1}.Debug|x64.ActiveCfg = Debug|Any CPU
		{52581F94-330B-4212-9D57-0184C36B6CD1}.Debug|x64.Build.0 = Debug|Any CPU
		{52581F94-330B-4212-9D57-0184C36B6CD1}.Debug|x86.ActiveCfg = Debug|Any CPU
		{52581F94-330B-4212-9D57-0184C36B6CD1}.Debug|x86.Build.0 = Debug|Any CPU
		{52581F94-330B-4212-9D57-0184C36B6CD1}.Release_Ubuntu|Any CPU.ActiveCfg = Release|Any CPU
		{52581F94-330B-4212-9D57-0184C36B6CD1}.Release_Ubuntu|Any CPU.Build.0 = Release|Any CPU
		{52581F94-330B-4212-9D57-0184C36B6CD1}.Release_Ubuntu|ARM.ActiveCfg = Release|Any CPU
		{52581F94-330B-4212-9D57-0184C36B6CD1}.Release_Ubuntu|ARM.Build.0 = Release|Any CPU
		{52581F94-330B-4212-9D57-0184C36B6CD1}.Release_Ubuntu|iPhone.ActiveCfg = Release|Any CPU
		{52581F94-330B-4212-9D57-0184C36B6CD1}.Release_Ubuntu|iPhone.Build.0 = Release|Any CPU
		{52581F94-330B-4212-9D57-0184C36B6CD1}.Release_Ubuntu|iPhoneSimulator.ActiveCfg = Release|Any CPU
		{52581F94-330B-4212-9D57-0184C36B6CD1}.Release_Ubuntu|iPhoneSimulator.Build.0 = Release|Any CPU
		{52581F94-330B-4212-9D57-0184C36B6CD1}.Release_Ubuntu|x64.ActiveCfg = Release|Any CPU
		{52581F94-330B-4212-9D57-0184C36B6CD1}.Release_Ubuntu|x64.Build.0 = Release|Any CPU
		{52581F94-330B-4212-9D57-0184C36B6CD1}.Release_Ubuntu|x86.ActiveCfg = Release|Any CPU
		{52581F94-330B-4212-9D57-0184C36B6CD1}.Release_Ubuntu|x86.Build.0 = Release|Any CPU
		{52581F94-330B-4212-9D57-0184C36B6CD1}.Release|Any CPU.ActiveCfg = Release|Any CPU
		{52581F94-330B-4212-9D57-0184C36B6CD1}.Release|Any CPU.Build.0 = Release|Any CPU
		{52581F94-330B-4212-9D57-0184C36B6CD1}.Release|ARM.ActiveCfg = Release|Any CPU
		{52581F94-330B-4212-9D57-0184C36B6CD1}.Release|ARM.Build.0 = Release|Any CPU
		{52581F94-330B-4212-9D57-0184C36B6CD1}.Release|iPhone.ActiveCfg = Release|Any CPU
		{52581F94-330B-4212-9D57-0184C36B6CD1}.Release|iPhone.Build.0 = Release|Any CPU
		{52581F94-330B-4212-9D57-0184C36B6CD1}.Release|iPhoneSimulator.ActiveCfg = Release|Any CPU
		{52581F94-330B-4212-9D57-0184C36B6CD1}.Release|iPhoneSimulator.Build.0 = Release|Any CPU
		{52581F94-330B-4212-9D57-0184C36B6CD1}.Release|x64.ActiveCfg = Release|Any CPU
		{52581F94-330B-4212-9D57-0184C36B6CD1}.Release|x64.Build.0 = Release|Any CPU
		{52581F94-330B-4212-9D57-0184C36B6CD1}.Release|x86.ActiveCfg = Release|Any CPU
		{52581F94-330B-4212-9D57-0184C36B6CD1}.Release|x86.Build.0 = Release|Any CPU
	EndGlobalSection
	GlobalSection(SolutionProperties) = preSolution
		HideSolutionNode = FALSE
	EndGlobalSection
	GlobalSection(NestedProjects) = preSolution
		{D6B2D66B-EBAD-4EBA-8320-1D4CEB8889A3} = {3D7B3F04-2843-452A-93F5-1F07B2A08AFF}
		{A7804348-67EF-40F1-837C-AF070F12DA54} = {3D7B3F04-2843-452A-93F5-1F07B2A08AFF}
		{3C114EE4-2F78-4BDE-9AF3-EB38AE809740} = {3D7B3F04-2843-452A-93F5-1F07B2A08AFF}
		{8BFB14C5-9124-4B9A-AF65-EDB72AA50036} = {3D7B3F04-2843-452A-93F5-1F07B2A08AFF}
		{6F63E84B-60BA-4420-8C8D-B67F86D0A070} = {3D7B3F04-2843-452A-93F5-1F07B2A08AFF}
<<<<<<< HEAD
=======
		{43F4E597-EB64-4B1F-AC95-979CEAF65615} = {3D7B3F04-2843-452A-93F5-1F07B2A08AFF}
>>>>>>> be3cb1bffaa97bbe3b88e3f6680dcbd088dac168
		{EA79960F-7856-4EEC-8DE3-630AFC693B32} = {3D7B3F04-2843-452A-93F5-1F07B2A08AFF}
		{52581F94-330B-4212-9D57-0184C36B6CD1} = {3D7B3F04-2843-452A-93F5-1F07B2A08AFF}
	EndGlobalSection
EndGlobal
